
Microsoft Visual Studio Solution File, Format Version 12.00
# Visual Studio 15
Project("{FAE04EC0-301F-11D3-BF4B-00C04F79EFBC}") = "Unity.Timeline", "Unity.Timeline.csproj", "{4DE32D7F-74E5-B1A0-7CDB-0C2AB6514C5C}"
EndProject
Project("{FAE04EC0-301F-11D3-BF4B-00C04F79EFBC}") = "Assembly-CSharp", "Assembly-CSharp.csproj", "{49AD77E3-A243-F33C-5751-6E61B812E31E}"
EndProject
Project("{FAE04EC0-301F-11D3-BF4B-00C04F79EFBC}") = "Unity.Timeline.Editor", "Unity.Timeline.Editor.csproj", "{594B26A3-6F5E-B8A2-1702-FCFD992BA65F}"
EndProject
Project("{FAE04EC0-301F-11D3-BF4B-00C04F79EFBC}") = "Unity.2D.Tilemap.Editor", "Unity.2D.Tilemap.Editor.csproj", "{29658F17-7344-38D9-C27A-0A0E7A0B0148}"
EndProject
Project("{FAE04EC0-301F-11D3-BF4B-00C04F79EFBC}") = "Unity.TextMeshPro.Editor", "Unity.TextMeshPro.Editor.csproj", "{C2DD601A-A89E-5851-4830-5A727F288E09}"
EndProject
Project("{FAE04EC0-301F-11D3-BF4B-00C04F79EFBC}") = "Unity.2D.Aseprite.Editor", "Unity.2D.Aseprite.Editor.csproj", "{FA3A8062-D0DD-7F01-5220-EE1FCF30EA34}"
EndProject
Project("{FAE04EC0-301F-11D3-BF4B-00C04F79EFBC}") = "UnityEditor.UI", "UnityEditor.UI.csproj", "{BBC99D3D-3CE7-FB79-9868-3C523DCBA5AC}"
EndProject
Project("{FAE04EC0-301F-11D3-BF4B-00C04F79EFBC}") = "Unity.PlasticSCM.Editor", "Unity.PlasticSCM.Editor.csproj", "{7E0E4DC1-D3DB-57B2-BF1B-5562F5ED847B}"
EndProject
Project("{FAE04EC0-301F-11D3-BF4B-00C04F79EFBC}") = "Unity.2D.Psdimporter.Editor", "Unity.2D.Psdimporter.Editor.csproj", "{EA02920C-82AC-1436-90BF-C43B5FBA5F86}"
EndProject
Project("{FAE04EC0-301F-11D3-BF4B-00C04F79EFBC}") = "Unity.InputSystem", "Unity.InputSystem.csproj", "{B648B5D5-5F7C-89A6-1A07-D1CCE924ADEC}"
EndProject
Project("{FAE04EC0-301F-11D3-BF4B-00C04F79EFBC}") = "Unity.Mathematics", "Unity.Mathematics.csproj", "{26B397F2-12D0-9CB0-43FD-BCAF70E50AC5}"
EndProject
Project("{FAE04EC0-301F-11D3-BF4B-00C04F79EFBC}") = "Unity.2D.Animation.Editor", "Unity.2D.Animation.Editor.csproj", "{22DD5DA3-E2A9-22DB-3EDF-5BEF0DCF8A4E}"
EndProject
Project("{FAE04EC0-301F-11D3-BF4B-00C04F79EFBC}") = "Unity.2D.Common.Path.Editor", "Unity.2D.Common.Path.Editor.csproj", "{0C7E5FE8-8F33-E407-13C4-EA2C1F89585A}"
EndProject
Project("{FAE04EC0-301F-11D3-BF4B-00C04F79EFBC}") = "Unity.2D.IK.Runtime", "Unity.2D.IK.Runtime.csproj", "{1999F00D-516C-B6CE-E453-64E45B7C7DFD}"
EndProject
Project("{FAE04EC0-301F-11D3-BF4B-00C04F79EFBC}") = "UnityEditor.TestRunner", "UnityEditor.TestRunner.csproj", "{A71D5CD2-F20A-6B16-98DA-F99049395A0A}"
EndProject
Project("{FAE04EC0-301F-11D3-BF4B-00C04F79EFBC}") = "UnityEngine.TestRunner", "UnityEngine.TestRunner.csproj", "{C0F6371E-50EB-DBBF-1E20-3F466167F2FF}"
EndProject
Project("{FAE04EC0-301F-11D3-BF4B-00C04F79EFBC}") = "PsdPlugin", "PsdPlugin.csproj", "{7F3148A4-8093-EA01-8B50-9B22A1972150}"
EndProject
Project("{FAE04EC0-301F-11D3-BF4B-00C04F79EFBC}") = "Ink-Libraries", "Ink-Libraries.csproj", "{E35630DA-356A-E849-F53D-A0D8EFB0F797}"
EndProject
Project("{FAE04EC0-301F-11D3-BF4B-00C04F79EFBC}") = "Unity.Burst", "Unity.Burst.csproj", "{66AC96C8-2A20-D40A-6BC3-B213B10741AF}"
EndProject
Project("{FAE04EC0-301F-11D3-BF4B-00C04F79EFBC}") = "UnityEngine.UI", "UnityEngine.UI.csproj", "{CAC309E7-9AAB-8F39-DFAD-27A6F01A9606}"
EndProject
Project("{FAE04EC0-301F-11D3-BF4B-00C04F79EFBC}") = "Unity.2D.SpriteShape.Editor", "Unity.2D.SpriteShape.Editor.csproj", "{7749AAFF-275F-044B-6C6A-B632F0D30B3F}"
EndProject
Project("{FAE04EC0-301F-11D3-BF4B-00C04F79EFBC}") = "Unity.Collections", "Unity.Collections.csproj", "{A27F3480-74ED-5C70-0174-226A8241F693}"
EndProject
Project("{FAE04EC0-301F-11D3-BF4B-00C04F79EFBC}") = "Unity.VisualStudio.Editor", "Unity.VisualStudio.Editor.csproj", "{DB4A5A45-CC51-D5F9-ED11-539DDECFCBCC}"
EndProject
Project("{FAE04EC0-301F-11D3-BF4B-00C04F79EFBC}") = "Unity.2D.Tilemap.Extras.Editor", "Unity.2D.Tilemap.Extras.Editor.csproj", "{85C7CF2C-43FE-0732-BE31-0D64AAB02D0E}"
EndProject
Project("{FAE04EC0-301F-11D3-BF4B-00C04F79EFBC}") = "Unity.Rider.Editor", "Unity.Rider.Editor.csproj", "{D13DE99E-D895-81AA-1856-7B52C035CC06}"
EndProject
Project("{FAE04EC0-301F-11D3-BF4B-00C04F79EFBC}") = "Unity.InternalAPIEditorBridge.001", "Unity.InternalAPIEditorBridge.001.csproj", "{191597CC-6E8A-BB60-4DCF-32FF4F11C3E8}"
EndProject
Project("{FAE04EC0-301F-11D3-BF4B-00C04F79EFBC}") = "Unity.2D.SpriteShape.Runtime", "Unity.2D.SpriteShape.Runtime.csproj", "{66108949-9634-2EBE-8554-1821379DD6E0}"
EndProject
Project("{FAE04EC0-301F-11D3-BF4B-00C04F79EFBC}") = "Unity.2D.Animation.Runtime", "Unity.2D.Animation.Runtime.csproj", "{D740660C-72A5-7A04-25B6-0DE2CDB0FE7F}"
EndProject
Project("{FAE04EC0-301F-11D3-BF4B-00C04F79EFBC}") = "Unity.Burst.CodeGen", "Unity.Burst.CodeGen.csproj", "{8A4CCCD1-24D4-4346-9946-EB5A09B7E827}"
EndProject
Project("{FAE04EC0-301F-11D3-BF4B-00C04F79EFBC}") = "Unity.2D.Tilemap.Extras", "Unity.2D.Tilemap.Extras.csproj", "{452A6D04-8F6F-4D0A-F762-CD63854547B6}"
EndProject
Project("{FAE04EC0-301F-11D3-BF4B-00C04F79EFBC}") = "Unity.TextMeshPro", "Unity.TextMeshPro.csproj", "{A95EB5E5-F9B9-3E0B-50D7-DE9D62703C8F}"
EndProject
Project("{FAE04EC0-301F-11D3-BF4B-00C04F79EFBC}") = "InkEditor", "InkEditor.csproj", "{C29DF3F3-4943-98E0-2919-DDB2BACE68DB}"
EndProject
Project("{FAE04EC0-301F-11D3-BF4B-00C04F79EFBC}") = "Unity.2D.Aseprite.Common", "Unity.2D.Aseprite.Common.csproj", "{184D4195-F0C0-6E0C-5BF1-F743BEE26D9B}"
EndProject
Project("{FAE04EC0-301F-11D3-BF4B-00C04F79EFBC}") = "Unity.VSCode.Editor", "Unity.VSCode.Editor.csproj", "{875F816F-78A0-7436-1804-CB0EF0223DF6}"
EndProject
Project("{FAE04EC0-301F-11D3-BF4B-00C04F79EFBC}") = "Unity.2D.IK.Editor", "Unity.2D.IK.Editor.csproj", "{59A9085A-A6D7-B8FA-A986-F7F014AD7FB1}"
EndProject
Project("{FAE04EC0-301F-11D3-BF4B-00C04F79EFBC}") = "Unity.InternalAPIEngineBridge.001", "Unity.InternalAPIEngineBridge.001.csproj", "{09CFA2AC-4F79-6FF2-1CAB-A177D6C6B9BC}"
EndProject
Project("{FAE04EC0-301F-11D3-BF4B-00C04F79EFBC}") = "Unity.Burst.Editor", "Unity.Burst.Editor.csproj", "{44F65A63-4B9E-0AE7-F8CC-00E2EA4DCBC9}"
EndProject
Project("{FAE04EC0-301F-11D3-BF4B-00C04F79EFBC}") = "Unity.2D.Common.Editor", "Unity.2D.Common.Editor.csproj", "{CA704961-A6EE-C97F-C161-FD07583A7EB1}"
EndProject
Project("{FAE04EC0-301F-11D3-BF4B-00C04F79EFBC}") = "Assembly-CSharp-Editor", "Assembly-CSharp-Editor.csproj", "{188896C7-AE6E-AEFF-0F9B-1B21697A4B4B}"
EndProject
Project("{FAE04EC0-301F-11D3-BF4B-00C04F79EFBC}") = "Unity.2D.Sprite.Editor", "Unity.2D.Sprite.Editor.csproj", "{0CC4BBD5-BBB7-86CB-D02F-4C202C268FAB}"
EndProject
Project("{FAE04EC0-301F-11D3-BF4B-00C04F79EFBC}") = "Unity.2D.PixelPerfect", "Unity.2D.PixelPerfect.csproj", "{F11BD662-F3CD-1052-629E-1D8CCE347FC6}"
EndProject
Project("{FAE04EC0-301F-11D3-BF4B-00C04F79EFBC}") = "Unity.2D.PixelPerfect.Editor", "Unity.2D.PixelPerfect.Editor.csproj", "{AC22C271-F9DF-6B3A-FAEE-41FF7F2A1123}"
EndProject
Project("{FAE04EC0-301F-11D3-BF4B-00C04F79EFBC}") = "Unity.2D.Common.Runtime", "Unity.2D.Common.Runtime.csproj", "{B16665C6-1054-A0FF-C967-EE2F585416C8}"
EndProject
Project("{FAE04EC0-301F-11D3-BF4B-00C04F79EFBC}") = "Unity.InputSystem.ForUI", "Unity.InputSystem.ForUI.csproj", "{3A984C8D-3173-107D-5ACA-497C422D2A6C}"
EndProject
Project("{FAE04EC0-301F-11D3-BF4B-00C04F79EFBC}") = "Unity.Mathematics.Editor", "Unity.Mathematics.Editor.csproj", "{E9FB6174-D0BF-F6C5-F6CE-F3596ECE7058}"
EndProject
Project("{FAE04EC0-301F-11D3-BF4B-00C04F79EFBC}") = "Unity.InputSystem.TestFramework", "Unity.InputSystem.TestFramework.csproj", "{D4EAEF46-9393-F9EE-D231-AA9D81314C91}"
EndProject
Project("{FAE04EC0-301F-11D3-BF4B-00C04F79EFBC}") = "Unity.Collections.BurstCompatibilityGen", "Unity.Collections.BurstCompatibilityGen.csproj", "{2EAC3DCD-5728-B59E-DDEE-62FE16DEAA1B}"
EndProject
Project("{FAE04EC0-301F-11D3-BF4B-00C04F79EFBC}") = "Unity.InternalAPIEditorBridge.005", "Unity.InternalAPIEditorBridge.005.csproj", "{64CCCAD7-50A5-BB8E-2F22-648293808642}"
EndProject
Project("{FAE04EC0-301F-11D3-BF4B-00C04F79EFBC}") = "Unity.Collections.DocCodeSamples", "Unity.Collections.DocCodeSamples.csproj", "{0F2D55AF-D1FF-01FE-BADA-7188E854803D}"
EndProject
Project("{FAE04EC0-301F-11D3-BF4B-00C04F79EFBC}") = "Unity.CollabProxy.Editor", "Unity.CollabProxy.Editor.csproj", "{B2AC3995-2ACE-F923-3039-3E60201D2E80}"
EndProject
Project("{FAE04EC0-301F-11D3-BF4B-00C04F79EFBC}") = "Unity.Timeline", "Unity.Timeline.Player.csproj", "{9326AEFB-F4B0-D4BC-9D79-ED1F7DE0D9EE}"
EndProject
Project("{FAE04EC0-301F-11D3-BF4B-00C04F79EFBC}") = "Assembly-CSharp", "Assembly-CSharp.Player.csproj", "{E3C2A01B-FF88-8422-1F57-F960F7967095}"
EndProject
Project("{FAE04EC0-301F-11D3-BF4B-00C04F79EFBC}") = "Unity.InputSystem", "Unity.InputSystem.Player.csproj", "{E44F83B3-88B6-AC60-792E-F78E0E47A424}"
EndProject
Project("{FAE04EC0-301F-11D3-BF4B-00C04F79EFBC}") = "Unity.Mathematics", "Unity.Mathematics.Player.csproj", "{75B5EA25-140C-C959-6EA6-F4016D895340}"
EndProject
Project("{FAE04EC0-301F-11D3-BF4B-00C04F79EFBC}") = "Unity.2D.IK.Runtime", "Unity.2D.IK.Runtime.Player.csproj", "{09A9316E-00FC-7DDD-63C5-1753833B38AF}"
EndProject
Project("{FAE04EC0-301F-11D3-BF4B-00C04F79EFBC}") = "UnityEngine.TestRunner", "UnityEngine.TestRunner.Player.csproj", "{86AB2310-A239-CDCF-E6DD-E99B78F238A8}"
EndProject
Project("{FAE04EC0-301F-11D3-BF4B-00C04F79EFBC}") = "Ink-Libraries", "Ink-Libraries.Player.csproj", "{458A298C-B80F-D3C0-FF95-933A7F2DE93A}"
EndProject
Project("{FAE04EC0-301F-11D3-BF4B-00C04F79EFBC}") = "Unity.Burst", "Unity.Burst.Player.csproj", "{EC000736-5115-78A1-8E48-0309ADF99F37}"
EndProject
Project("{FAE04EC0-301F-11D3-BF4B-00C04F79EFBC}") = "UnityEngine.UI", "UnityEngine.UI.Player.csproj", "{375A7695-21AC-62DA-27AC-1254FC063802}"
EndProject
Project("{FAE04EC0-301F-11D3-BF4B-00C04F79EFBC}") = "Unity.Collections", "Unity.Collections.Player.csproj", "{00D25FAE-2C70-1C4E-EBAC-17191EAB0D81}"
EndProject
Project("{FAE04EC0-301F-11D3-BF4B-00C04F79EFBC}") = "Unity.2D.SpriteShape.Runtime", "Unity.2D.SpriteShape.Runtime.Player.csproj", "{9CFFD8DF-D44B-BC6C-3125-35919A8BF16B}"
EndProject
Project("{FAE04EC0-301F-11D3-BF4B-00C04F79EFBC}") = "Unity.2D.Animation.Runtime", "Unity.2D.Animation.Runtime.Player.csproj", "{44F9A780-A996-1E57-9092-5DEA89F0CA05}"
EndProject
Project("{FAE04EC0-301F-11D3-BF4B-00C04F79EFBC}") = "Unity.2D.Tilemap.Extras", "Unity.2D.Tilemap.Extras.Player.csproj", "{AE8F132B-CD64-E577-B821-B432F1B53145}"
EndProject
Project("{FAE04EC0-301F-11D3-BF4B-00C04F79EFBC}") = "Unity.TextMeshPro", "Unity.TextMeshPro.Player.csproj", "{08C6376F-AEE4-BAD9-F89F-5A5A34930778}"
EndProject
Project("{FAE04EC0-301F-11D3-BF4B-00C04F79EFBC}") = "Unity.InternalAPIEngineBridge.001", "Unity.InternalAPIEngineBridge.001.Player.csproj", "{C7239F3C-9C41-0656-C391-3CCEF31A95D9}"
EndProject
Project("{FAE04EC0-301F-11D3-BF4B-00C04F79EFBC}") = "Unity.2D.PixelPerfect", "Unity.2D.PixelPerfect.Player.csproj", "{D3DE9692-C7AD-8156-C736-AE0B80E2A997}"
EndProject
Project("{FAE04EC0-301F-11D3-BF4B-00C04F79EFBC}") = "Unity.2D.Common.Runtime", "Unity.2D.Common.Runtime.Player.csproj", "{2A7CF16C-BE4C-A249-421D-03EDA2795F4D}"
EndProject
Project("{FAE04EC0-301F-11D3-BF4B-00C04F79EFBC}") = "Unity.InputSystem.ForUI", "Unity.InputSystem.ForUI.Player.csproj", "{DA7B3D1F-E427-4C8F-5C36-E43CA6A12DFB}"
EndProject
Project("{FAE04EC0-301F-11D3-BF4B-00C04F79EFBC}") = "Unity.InputSystem.TestFramework", "Unity.InputSystem.TestFramework.Player.csproj", "{73AA5866-E7CF-57BD-8B1B-67002D87ABD0}"
EndProject
Global
	GlobalSection(SolutionConfigurationPlatforms) = preSolution
		Debug|Any CPU = Debug|Any CPU
		Release|Any CPU = Release|Any CPU
	EndGlobalSection
	GlobalSection(ProjectConfigurationPlatforms) = postSolution
		{4DE32D7F-74E5-B1A0-7CDB-0C2AB6514C5C}.Debug|Any CPU.ActiveCfg = Debug|Any CPU
		{4DE32D7F-74E5-B1A0-7CDB-0C2AB6514C5C}.Debug|Any CPU.Build.0 = Debug|Any CPU
		{4DE32D7F-74E5-B1A0-7CDB-0C2AB6514C5C}.Release|Any CPU.ActiveCfg = Release|Any CPU
		{4DE32D7F-74E5-B1A0-7CDB-0C2AB6514C5C}.Release|Any CPU.Build.0 = Release|Any CPU
		{49AD77E3-A243-F33C-5751-6E61B812E31E}.Debug|Any CPU.ActiveCfg = Debug|Any CPU
		{49AD77E3-A243-F33C-5751-6E61B812E31E}.Debug|Any CPU.Build.0 = Debug|Any CPU
		{49AD77E3-A243-F33C-5751-6E61B812E31E}.Release|Any CPU.ActiveCfg = Release|Any CPU
		{49AD77E3-A243-F33C-5751-6E61B812E31E}.Release|Any CPU.Build.0 = Release|Any CPU
		{594B26A3-6F5E-B8A2-1702-FCFD992BA65F}.Debug|Any CPU.ActiveCfg = Debug|Any CPU
		{594B26A3-6F5E-B8A2-1702-FCFD992BA65F}.Debug|Any CPU.Build.0 = Debug|Any CPU
		{594B26A3-6F5E-B8A2-1702-FCFD992BA65F}.Release|Any CPU.ActiveCfg = Release|Any CPU
		{594B26A3-6F5E-B8A2-1702-FCFD992BA65F}.Release|Any CPU.Build.0 = Release|Any CPU
		{29658F17-7344-38D9-C27A-0A0E7A0B0148}.Debug|Any CPU.ActiveCfg = Debug|Any CPU
		{29658F17-7344-38D9-C27A-0A0E7A0B0148}.Debug|Any CPU.Build.0 = Debug|Any CPU
		{29658F17-7344-38D9-C27A-0A0E7A0B0148}.Release|Any CPU.ActiveCfg = Release|Any CPU
		{29658F17-7344-38D9-C27A-0A0E7A0B0148}.Release|Any CPU.Build.0 = Release|Any CPU
		{C2DD601A-A89E-5851-4830-5A727F288E09}.Debug|Any CPU.ActiveCfg = Debug|Any CPU
		{C2DD601A-A89E-5851-4830-5A727F288E09}.Debug|Any CPU.Build.0 = Debug|Any CPU
		{C2DD601A-A89E-5851-4830-5A727F288E09}.Release|Any CPU.ActiveCfg = Release|Any CPU
		{C2DD601A-A89E-5851-4830-5A727F288E09}.Release|Any CPU.Build.0 = Release|Any CPU
		{FA3A8062-D0DD-7F01-5220-EE1FCF30EA34}.Debug|Any CPU.ActiveCfg = Debug|Any CPU
		{FA3A8062-D0DD-7F01-5220-EE1FCF30EA34}.Debug|Any CPU.Build.0 = Debug|Any CPU
		{FA3A8062-D0DD-7F01-5220-EE1FCF30EA34}.Release|Any CPU.ActiveCfg = Release|Any CPU
		{FA3A8062-D0DD-7F01-5220-EE1FCF30EA34}.Release|Any CPU.Build.0 = Release|Any CPU
		{BBC99D3D-3CE7-FB79-9868-3C523DCBA5AC}.Debug|Any CPU.ActiveCfg = Debug|Any CPU
		{BBC99D3D-3CE7-FB79-9868-3C523DCBA5AC}.Debug|Any CPU.Build.0 = Debug|Any CPU
		{BBC99D3D-3CE7-FB79-9868-3C523DCBA5AC}.Release|Any CPU.ActiveCfg = Release|Any CPU
		{BBC99D3D-3CE7-FB79-9868-3C523DCBA5AC}.Release|Any CPU.Build.0 = Release|Any CPU
		{7E0E4DC1-D3DB-57B2-BF1B-5562F5ED847B}.Debug|Any CPU.ActiveCfg = Debug|Any CPU
		{7E0E4DC1-D3DB-57B2-BF1B-5562F5ED847B}.Debug|Any CPU.Build.0 = Debug|Any CPU
		{7E0E4DC1-D3DB-57B2-BF1B-5562F5ED847B}.Release|Any CPU.ActiveCfg = Release|Any CPU
		{7E0E4DC1-D3DB-57B2-BF1B-5562F5ED847B}.Release|Any CPU.Build.0 = Release|Any CPU
		{EA02920C-82AC-1436-90BF-C43B5FBA5F86}.Debug|Any CPU.ActiveCfg = Debug|Any CPU
		{EA02920C-82AC-1436-90BF-C43B5FBA5F86}.Debug|Any CPU.Build.0 = Debug|Any CPU
		{EA02920C-82AC-1436-90BF-C43B5FBA5F86}.Release|Any CPU.ActiveCfg = Release|Any CPU
		{EA02920C-82AC-1436-90BF-C43B5FBA5F86}.Release|Any CPU.Build.0 = Release|Any CPU
		{B648B5D5-5F7C-89A6-1A07-D1CCE924ADEC}.Debug|Any CPU.ActiveCfg = Debug|Any CPU
		{B648B5D5-5F7C-89A6-1A07-D1CCE924ADEC}.Debug|Any CPU.Build.0 = Debug|Any CPU
		{B648B5D5-5F7C-89A6-1A07-D1CCE924ADEC}.Release|Any CPU.ActiveCfg = Release|Any CPU
		{B648B5D5-5F7C-89A6-1A07-D1CCE924ADEC}.Release|Any CPU.Build.0 = Release|Any CPU
		{26B397F2-12D0-9CB0-43FD-BCAF70E50AC5}.Debug|Any CPU.ActiveCfg = Debug|Any CPU
		{26B397F2-12D0-9CB0-43FD-BCAF70E50AC5}.Debug|Any CPU.Build.0 = Debug|Any CPU
		{26B397F2-12D0-9CB0-43FD-BCAF70E50AC5}.Release|Any CPU.ActiveCfg = Release|Any CPU
		{26B397F2-12D0-9CB0-43FD-BCAF70E50AC5}.Release|Any CPU.Build.0 = Release|Any CPU
		{22DD5DA3-E2A9-22DB-3EDF-5BEF0DCF8A4E}.Debug|Any CPU.ActiveCfg = Debug|Any CPU
		{22DD5DA3-E2A9-22DB-3EDF-5BEF0DCF8A4E}.Debug|Any CPU.Build.0 = Debug|Any CPU
		{22DD5DA3-E2A9-22DB-3EDF-5BEF0DCF8A4E}.Release|Any CPU.ActiveCfg = Release|Any CPU
		{22DD5DA3-E2A9-22DB-3EDF-5BEF0DCF8A4E}.Release|Any CPU.Build.0 = Release|Any CPU
		{0C7E5FE8-8F33-E407-13C4-EA2C1F89585A}.Debug|Any CPU.ActiveCfg = Debug|Any CPU
		{0C7E5FE8-8F33-E407-13C4-EA2C1F89585A}.Debug|Any CPU.Build.0 = Debug|Any CPU
		{0C7E5FE8-8F33-E407-13C4-EA2C1F89585A}.Release|Any CPU.ActiveCfg = Release|Any CPU
		{0C7E5FE8-8F33-E407-13C4-EA2C1F89585A}.Release|Any CPU.Build.0 = Release|Any CPU
		{1999F00D-516C-B6CE-E453-64E45B7C7DFD}.Debug|Any CPU.ActiveCfg = Debug|Any CPU
		{1999F00D-516C-B6CE-E453-64E45B7C7DFD}.Debug|Any CPU.Build.0 = Debug|Any CPU
		{1999F00D-516C-B6CE-E453-64E45B7C7DFD}.Release|Any CPU.ActiveCfg = Release|Any CPU
		{1999F00D-516C-B6CE-E453-64E45B7C7DFD}.Release|Any CPU.Build.0 = Release|Any CPU
		{A71D5CD2-F20A-6B16-98DA-F99049395A0A}.Debug|Any CPU.ActiveCfg = Debug|Any CPU
		{A71D5CD2-F20A-6B16-98DA-F99049395A0A}.Debug|Any CPU.Build.0 = Debug|Any CPU
		{A71D5CD2-F20A-6B16-98DA-F99049395A0A}.Release|Any CPU.ActiveCfg = Release|Any CPU
		{A71D5CD2-F20A-6B16-98DA-F99049395A0A}.Release|Any CPU.Build.0 = Release|Any CPU
		{C0F6371E-50EB-DBBF-1E20-3F466167F2FF}.Debug|Any CPU.ActiveCfg = Debug|Any CPU
		{C0F6371E-50EB-DBBF-1E20-3F466167F2FF}.Debug|Any CPU.Build.0 = Debug|Any CPU
		{C0F6371E-50EB-DBBF-1E20-3F466167F2FF}.Release|Any CPU.ActiveCfg = Release|Any CPU
		{C0F6371E-50EB-DBBF-1E20-3F466167F2FF}.Release|Any CPU.Build.0 = Release|Any CPU
		{7F3148A4-8093-EA01-8B50-9B22A1972150}.Debug|Any CPU.ActiveCfg = Debug|Any CPU
		{7F3148A4-8093-EA01-8B50-9B22A1972150}.Debug|Any CPU.Build.0 = Debug|Any CPU
		{7F3148A4-8093-EA01-8B50-9B22A1972150}.Release|Any CPU.ActiveCfg = Release|Any CPU
		{7F3148A4-8093-EA01-8B50-9B22A1972150}.Release|Any CPU.Build.0 = Release|Any CPU
		{E35630DA-356A-E849-F53D-A0D8EFB0F797}.Debug|Any CPU.ActiveCfg = Debug|Any CPU
		{E35630DA-356A-E849-F53D-A0D8EFB0F797}.Debug|Any CPU.Build.0 = Debug|Any CPU
		{E35630DA-356A-E849-F53D-A0D8EFB0F797}.Release|Any CPU.ActiveCfg = Release|Any CPU
		{E35630DA-356A-E849-F53D-A0D8EFB0F797}.Release|Any CPU.Build.0 = Release|Any CPU
		{66AC96C8-2A20-D40A-6BC3-B213B10741AF}.Debug|Any CPU.ActiveCfg = Debug|Any CPU
		{66AC96C8-2A20-D40A-6BC3-B213B10741AF}.Debug|Any CPU.Build.0 = Debug|Any CPU
		{66AC96C8-2A20-D40A-6BC3-B213B10741AF}.Release|Any CPU.ActiveCfg = Release|Any CPU
		{66AC96C8-2A20-D40A-6BC3-B213B10741AF}.Release|Any CPU.Build.0 = Release|Any CPU
		{CAC309E7-9AAB-8F39-DFAD-27A6F01A9606}.Debug|Any CPU.ActiveCfg = Debug|Any CPU
		{CAC309E7-9AAB-8F39-DFAD-27A6F01A9606}.Debug|Any CPU.Build.0 = Debug|Any CPU
		{CAC309E7-9AAB-8F39-DFAD-27A6F01A9606}.Release|Any CPU.ActiveCfg = Release|Any CPU
		{CAC309E7-9AAB-8F39-DFAD-27A6F01A9606}.Release|Any CPU.Build.0 = Release|Any CPU
		{7749AAFF-275F-044B-6C6A-B632F0D30B3F}.Debug|Any CPU.ActiveCfg = Debug|Any CPU
		{7749AAFF-275F-044B-6C6A-B632F0D30B3F}.Debug|Any CPU.Build.0 = Debug|Any CPU
		{7749AAFF-275F-044B-6C6A-B632F0D30B3F}.Release|Any CPU.ActiveCfg = Release|Any CPU
		{7749AAFF-275F-044B-6C6A-B632F0D30B3F}.Release|Any CPU.Build.0 = Release|Any CPU
		{A27F3480-74ED-5C70-0174-226A8241F693}.Debug|Any CPU.ActiveCfg = Debug|Any CPU
		{A27F3480-74ED-5C70-0174-226A8241F693}.Debug|Any CPU.Build.0 = Debug|Any CPU
		{A27F3480-74ED-5C70-0174-226A8241F693}.Release|Any CPU.ActiveCfg = Release|Any CPU
		{A27F3480-74ED-5C70-0174-226A8241F693}.Release|Any CPU.Build.0 = Release|Any CPU
		{DB4A5A45-CC51-D5F9-ED11-539DDECFCBCC}.Debug|Any CPU.ActiveCfg = Debug|Any CPU
		{DB4A5A45-CC51-D5F9-ED11-539DDECFCBCC}.Debug|Any CPU.Build.0 = Debug|Any CPU
		{DB4A5A45-CC51-D5F9-ED11-539DDECFCBCC}.Release|Any CPU.ActiveCfg = Release|Any CPU
		{DB4A5A45-CC51-D5F9-ED11-539DDECFCBCC}.Release|Any CPU.Build.0 = Release|Any CPU
		{85C7CF2C-43FE-0732-BE31-0D64AAB02D0E}.Debug|Any CPU.ActiveCfg = Debug|Any CPU
		{85C7CF2C-43FE-0732-BE31-0D64AAB02D0E}.Debug|Any CPU.Build.0 = Debug|Any CPU
		{85C7CF2C-43FE-0732-BE31-0D64AAB02D0E}.Release|Any CPU.ActiveCfg = Release|Any CPU
		{85C7CF2C-43FE-0732-BE31-0D64AAB02D0E}.Release|Any CPU.Build.0 = Release|Any CPU
		{D13DE99E-D895-81AA-1856-7B52C035CC06}.Debug|Any CPU.ActiveCfg = Debug|Any CPU
		{D13DE99E-D895-81AA-1856-7B52C035CC06}.Debug|Any CPU.Build.0 = Debug|Any CPU
		{D13DE99E-D895-81AA-1856-7B52C035CC06}.Release|Any CPU.ActiveCfg = Release|Any CPU
		{D13DE99E-D895-81AA-1856-7B52C035CC06}.Release|Any CPU.Build.0 = Release|Any CPU
		{191597CC-6E8A-BB60-4DCF-32FF4F11C3E8}.Debug|Any CPU.ActiveCfg = Debug|Any CPU
		{191597CC-6E8A-BB60-4DCF-32FF4F11C3E8}.Debug|Any CPU.Build.0 = Debug|Any CPU
		{191597CC-6E8A-BB60-4DCF-32FF4F11C3E8}.Release|Any CPU.ActiveCfg = Release|Any CPU
		{191597CC-6E8A-BB60-4DCF-32FF4F11C3E8}.Release|Any CPU.Build.0 = Release|Any CPU
		{66108949-9634-2EBE-8554-1821379DD6E0}.Debug|Any CPU.ActiveCfg = Debug|Any CPU
		{66108949-9634-2EBE-8554-1821379DD6E0}.Debug|Any CPU.Build.0 = Debug|Any CPU
		{66108949-9634-2EBE-8554-1821379DD6E0}.Release|Any CPU.ActiveCfg = Release|Any CPU
		{66108949-9634-2EBE-8554-1821379DD6E0}.Release|Any CPU.Build.0 = Release|Any CPU
		{D740660C-72A5-7A04-25B6-0DE2CDB0FE7F}.Debug|Any CPU.ActiveCfg = Debug|Any CPU
		{D740660C-72A5-7A04-25B6-0DE2CDB0FE7F}.Debug|Any CPU.Build.0 = Debug|Any CPU
		{D740660C-72A5-7A04-25B6-0DE2CDB0FE7F}.Release|Any CPU.ActiveCfg = Release|Any CPU
		{D740660C-72A5-7A04-25B6-0DE2CDB0FE7F}.Release|Any CPU.Build.0 = Release|Any CPU
		{8A4CCCD1-24D4-4346-9946-EB5A09B7E827}.Debug|Any CPU.ActiveCfg = Debug|Any CPU
		{8A4CCCD1-24D4-4346-9946-EB5A09B7E827}.Debug|Any CPU.Build.0 = Debug|Any CPU
		{8A4CCCD1-24D4-4346-9946-EB5A09B7E827}.Release|Any CPU.ActiveCfg = Release|Any CPU
		{8A4CCCD1-24D4-4346-9946-EB5A09B7E827}.Release|Any CPU.Build.0 = Release|Any CPU
		{452A6D04-8F6F-4D0A-F762-CD63854547B6}.Debug|Any CPU.ActiveCfg = Debug|Any CPU
		{452A6D04-8F6F-4D0A-F762-CD63854547B6}.Debug|Any CPU.Build.0 = Debug|Any CPU
		{452A6D04-8F6F-4D0A-F762-CD63854547B6}.Release|Any CPU.ActiveCfg = Release|Any CPU
		{452A6D04-8F6F-4D0A-F762-CD63854547B6}.Release|Any CPU.Build.0 = Release|Any CPU
		{A95EB5E5-F9B9-3E0B-50D7-DE9D62703C8F}.Debug|Any CPU.ActiveCfg = Debug|Any CPU
		{A95EB5E5-F9B9-3E0B-50D7-DE9D62703C8F}.Debug|Any CPU.Build.0 = Debug|Any CPU
		{A95EB5E5-F9B9-3E0B-50D7-DE9D62703C8F}.Release|Any CPU.ActiveCfg = Release|Any CPU
		{A95EB5E5-F9B9-3E0B-50D7-DE9D62703C8F}.Release|Any CPU.Build.0 = Release|Any CPU
		{C29DF3F3-4943-98E0-2919-DDB2BACE68DB}.Debug|Any CPU.ActiveCfg = Debug|Any CPU
		{C29DF3F3-4943-98E0-2919-DDB2BACE68DB}.Debug|Any CPU.Build.0 = Debug|Any CPU
		{C29DF3F3-4943-98E0-2919-DDB2BACE68DB}.Release|Any CPU.ActiveCfg = Release|Any CPU
		{C29DF3F3-4943-98E0-2919-DDB2BACE68DB}.Release|Any CPU.Build.0 = Release|Any CPU
		{184D4195-F0C0-6E0C-5BF1-F743BEE26D9B}.Debug|Any CPU.ActiveCfg = Debug|Any CPU
		{184D4195-F0C0-6E0C-5BF1-F743BEE26D9B}.Debug|Any CPU.Build.0 = Debug|Any CPU
		{184D4195-F0C0-6E0C-5BF1-F743BEE26D9B}.Release|Any CPU.ActiveCfg = Release|Any CPU
		{184D4195-F0C0-6E0C-5BF1-F743BEE26D9B}.Release|Any CPU.Build.0 = Release|Any CPU
		{875F816F-78A0-7436-1804-CB0EF0223DF6}.Debug|Any CPU.ActiveCfg = Debug|Any CPU
		{875F816F-78A0-7436-1804-CB0EF0223DF6}.Debug|Any CPU.Build.0 = Debug|Any CPU
		{875F816F-78A0-7436-1804-CB0EF0223DF6}.Release|Any CPU.ActiveCfg = Release|Any CPU
		{875F816F-78A0-7436-1804-CB0EF0223DF6}.Release|Any CPU.Build.0 = Release|Any CPU
		{59A9085A-A6D7-B8FA-A986-F7F014AD7FB1}.Debug|Any CPU.ActiveCfg = Debug|Any CPU
		{59A9085A-A6D7-B8FA-A986-F7F014AD7FB1}.Debug|Any CPU.Build.0 = Debug|Any CPU
		{59A9085A-A6D7-B8FA-A986-F7F014AD7FB1}.Release|Any CPU.ActiveCfg = Release|Any CPU
		{59A9085A-A6D7-B8FA-A986-F7F014AD7FB1}.Release|Any CPU.Build.0 = Release|Any CPU
		{09CFA2AC-4F79-6FF2-1CAB-A177D6C6B9BC}.Debug|Any CPU.ActiveCfg = Debug|Any CPU
		{09CFA2AC-4F79-6FF2-1CAB-A177D6C6B9BC}.Debug|Any CPU.Build.0 = Debug|Any CPU
		{09CFA2AC-4F79-6FF2-1CAB-A177D6C6B9BC}.Release|Any CPU.ActiveCfg = Release|Any CPU
		{09CFA2AC-4F79-6FF2-1CAB-A177D6C6B9BC}.Release|Any CPU.Build.0 = Release|Any CPU
		{44F65A63-4B9E-0AE7-F8CC-00E2EA4DCBC9}.Debug|Any CPU.ActiveCfg = Debug|Any CPU
		{44F65A63-4B9E-0AE7-F8CC-00E2EA4DCBC9}.Debug|Any CPU.Build.0 = Debug|Any CPU
		{44F65A63-4B9E-0AE7-F8CC-00E2EA4DCBC9}.Release|Any CPU.ActiveCfg = Release|Any CPU
		{44F65A63-4B9E-0AE7-F8CC-00E2EA4DCBC9}.Release|Any CPU.Build.0 = Release|Any CPU
		{CA704961-A6EE-C97F-C161-FD07583A7EB1}.Debug|Any CPU.ActiveCfg = Debug|Any CPU
		{CA704961-A6EE-C97F-C161-FD07583A7EB1}.Debug|Any CPU.Build.0 = Debug|Any CPU
		{CA704961-A6EE-C97F-C161-FD07583A7EB1}.Release|Any CPU.ActiveCfg = Release|Any CPU
		{CA704961-A6EE-C97F-C161-FD07583A7EB1}.Release|Any CPU.Build.0 = Release|Any CPU
		{188896C7-AE6E-AEFF-0F9B-1B21697A4B4B}.Debug|Any CPU.ActiveCfg = Debug|Any CPU
		{188896C7-AE6E-AEFF-0F9B-1B21697A4B4B}.Debug|Any CPU.Build.0 = Debug|Any CPU
		{188896C7-AE6E-AEFF-0F9B-1B21697A4B4B}.Release|Any CPU.ActiveCfg = Release|Any CPU
		{188896C7-AE6E-AEFF-0F9B-1B21697A4B4B}.Release|Any CPU.Build.0 = Release|Any CPU
		{0CC4BBD5-BBB7-86CB-D02F-4C202C268FAB}.Debug|Any CPU.ActiveCfg = Debug|Any CPU
		{0CC4BBD5-BBB7-86CB-D02F-4C202C268FAB}.Debug|Any CPU.Build.0 = Debug|Any CPU
		{0CC4BBD5-BBB7-86CB-D02F-4C202C268FAB}.Release|Any CPU.ActiveCfg = Release|Any CPU
		{0CC4BBD5-BBB7-86CB-D02F-4C202C268FAB}.Release|Any CPU.Build.0 = Release|Any CPU
		{F11BD662-F3CD-1052-629E-1D8CCE347FC6}.Debug|Any CPU.ActiveCfg = Debug|Any CPU
		{F11BD662-F3CD-1052-629E-1D8CCE347FC6}.Debug|Any CPU.Build.0 = Debug|Any CPU
		{F11BD662-F3CD-1052-629E-1D8CCE347FC6}.Release|Any CPU.ActiveCfg = Release|Any CPU
		{F11BD662-F3CD-1052-629E-1D8CCE347FC6}.Release|Any CPU.Build.0 = Release|Any CPU
		{AC22C271-F9DF-6B3A-FAEE-41FF7F2A1123}.Debug|Any CPU.ActiveCfg = Debug|Any CPU
		{AC22C271-F9DF-6B3A-FAEE-41FF7F2A1123}.Debug|Any CPU.Build.0 = Debug|Any CPU
		{AC22C271-F9DF-6B3A-FAEE-41FF7F2A1123}.Release|Any CPU.ActiveCfg = Release|Any CPU
		{AC22C271-F9DF-6B3A-FAEE-41FF7F2A1123}.Release|Any CPU.Build.0 = Release|Any CPU
		{B16665C6-1054-A0FF-C967-EE2F585416C8}.Debug|Any CPU.ActiveCfg = Debug|Any CPU
		{B16665C6-1054-A0FF-C967-EE2F585416C8}.Debug|Any CPU.Build.0 = Debug|Any CPU
		{B16665C6-1054-A0FF-C967-EE2F585416C8}.Release|Any CPU.ActiveCfg = Release|Any CPU
		{B16665C6-1054-A0FF-C967-EE2F585416C8}.Release|Any CPU.Build.0 = Release|Any CPU
		{3A984C8D-3173-107D-5ACA-497C422D2A6C}.Debug|Any CPU.ActiveCfg = Debug|Any CPU
		{3A984C8D-3173-107D-5ACA-497C422D2A6C}.Debug|Any CPU.Build.0 = Debug|Any CPU
		{3A984C8D-3173-107D-5ACA-497C422D2A6C}.Release|Any CPU.ActiveCfg = Release|Any CPU
		{3A984C8D-3173-107D-5ACA-497C422D2A6C}.Release|Any CPU.Build.0 = Release|Any CPU
		{E9FB6174-D0BF-F6C5-F6CE-F3596ECE7058}.Debug|Any CPU.ActiveCfg = Debug|Any CPU
		{E9FB6174-D0BF-F6C5-F6CE-F3596ECE7058}.Debug|Any CPU.Build.0 = Debug|Any CPU
		{E9FB6174-D0BF-F6C5-F6CE-F3596ECE7058}.Release|Any CPU.ActiveCfg = Release|Any CPU
		{E9FB6174-D0BF-F6C5-F6CE-F3596ECE7058}.Release|Any CPU.Build.0 = Release|Any CPU
		{D4EAEF46-9393-F9EE-D231-AA9D81314C91}.Debug|Any CPU.ActiveCfg = Debug|Any CPU
		{D4EAEF46-9393-F9EE-D231-AA9D81314C91}.Debug|Any CPU.Build.0 = Debug|Any CPU
		{D4EAEF46-9393-F9EE-D231-AA9D81314C91}.Release|Any CPU.ActiveCfg = Release|Any CPU
		{D4EAEF46-9393-F9EE-D231-AA9D81314C91}.Release|Any CPU.Build.0 = Release|Any CPU
		{2EAC3DCD-5728-B59E-DDEE-62FE16DEAA1B}.Debug|Any CPU.ActiveCfg = Debug|Any CPU
		{2EAC3DCD-5728-B59E-DDEE-62FE16DEAA1B}.Debug|Any CPU.Build.0 = Debug|Any CPU
		{2EAC3DCD-5728-B59E-DDEE-62FE16DEAA1B}.Release|Any CPU.ActiveCfg = Release|Any CPU
		{2EAC3DCD-5728-B59E-DDEE-62FE16DEAA1B}.Release|Any CPU.Build.0 = Release|Any CPU
		{64CCCAD7-50A5-BB8E-2F22-648293808642}.Debug|Any CPU.ActiveCfg = Debug|Any CPU
		{64CCCAD7-50A5-BB8E-2F22-648293808642}.Debug|Any CPU.Build.0 = Debug|Any CPU
		{64CCCAD7-50A5-BB8E-2F22-648293808642}.Release|Any CPU.ActiveCfg = Release|Any CPU
		{64CCCAD7-50A5-BB8E-2F22-648293808642}.Release|Any CPU.Build.0 = Release|Any CPU
		{0F2D55AF-D1FF-01FE-BADA-7188E854803D}.Debug|Any CPU.ActiveCfg = Debug|Any CPU
		{0F2D55AF-D1FF-01FE-BADA-7188E854803D}.Debug|Any CPU.Build.0 = Debug|Any CPU
		{0F2D55AF-D1FF-01FE-BADA-7188E854803D}.Release|Any CPU.ActiveCfg = Release|Any CPU
		{0F2D55AF-D1FF-01FE-BADA-7188E854803D}.Release|Any CPU.Build.0 = Release|Any CPU
		{B2AC3995-2ACE-F923-3039-3E60201D2E80}.Debug|Any CPU.ActiveCfg = Debug|Any CPU
		{B2AC3995-2ACE-F923-3039-3E60201D2E80}.Debug|Any CPU.Build.0 = Debug|Any CPU
		{B2AC3995-2ACE-F923-3039-3E60201D2E80}.Release|Any CPU.ActiveCfg = Release|Any CPU
		{B2AC3995-2ACE-F923-3039-3E60201D2E80}.Release|Any CPU.Build.0 = Release|Any CPU
		{9326AEFB-F4B0-D4BC-9D79-ED1F7DE0D9EE}.Debug|Any CPU.ActiveCfg = Debug|Any CPU
		{9326AEFB-F4B0-D4BC-9D79-ED1F7DE0D9EE}.Debug|Any CPU.Build.0 = Debug|Any CPU
		{9326AEFB-F4B0-D4BC-9D79-ED1F7DE0D9EE}.Release|Any CPU.ActiveCfg = Release|Any CPU
		{9326AEFB-F4B0-D4BC-9D79-ED1F7DE0D9EE}.Release|Any CPU.Build.0 = Release|Any CPU
		{E3C2A01B-FF88-8422-1F57-F960F7967095}.Debug|Any CPU.ActiveCfg = Debug|Any CPU
		{E3C2A01B-FF88-8422-1F57-F960F7967095}.Debug|Any CPU.Build.0 = Debug|Any CPU
		{E3C2A01B-FF88-8422-1F57-F960F7967095}.Release|Any CPU.ActiveCfg = Release|Any CPU
		{E3C2A01B-FF88-8422-1F57-F960F7967095}.Release|Any CPU.Build.0 = Release|Any CPU
		{E44F83B3-88B6-AC60-792E-F78E0E47A424}.Debug|Any CPU.ActiveCfg = Debug|Any CPU
		{E44F83B3-88B6-AC60-792E-F78E0E47A424}.Debug|Any CPU.Build.0 = Debug|Any CPU
		{E44F83B3-88B6-AC60-792E-F78E0E47A424}.Release|Any CPU.ActiveCfg = Release|Any CPU
		{E44F83B3-88B6-AC60-792E-F78E0E47A424}.Release|Any CPU.Build.0 = Release|Any CPU
		{75B5EA25-140C-C959-6EA6-F4016D895340}.Debug|Any CPU.ActiveCfg = Debug|Any CPU
		{75B5EA25-140C-C959-6EA6-F4016D895340}.Debug|Any CPU.Build.0 = Debug|Any CPU
		{75B5EA25-140C-C959-6EA6-F4016D895340}.Release|Any CPU.ActiveCfg = Release|Any CPU
		{75B5EA25-140C-C959-6EA6-F4016D895340}.Release|Any CPU.Build.0 = Release|Any CPU
		{09A9316E-00FC-7DDD-63C5-1753833B38AF}.Debug|Any CPU.ActiveCfg = Debug|Any CPU
		{09A9316E-00FC-7DDD-63C5-1753833B38AF}.Debug|Any CPU.Build.0 = Debug|Any CPU
		{09A9316E-00FC-7DDD-63C5-1753833B38AF}.Release|Any CPU.ActiveCfg = Release|Any CPU
		{09A9316E-00FC-7DDD-63C5-1753833B38AF}.Release|Any CPU.Build.0 = Release|Any CPU
		{86AB2310-A239-CDCF-E6DD-E99B78F238A8}.Debug|Any CPU.ActiveCfg = Debug|Any CPU
		{86AB2310-A239-CDCF-E6DD-E99B78F238A8}.Debug|Any CPU.Build.0 = Debug|Any CPU
		{86AB2310-A239-CDCF-E6DD-E99B78F238A8}.Release|Any CPU.ActiveCfg = Release|Any CPU
		{86AB2310-A239-CDCF-E6DD-E99B78F238A8}.Release|Any CPU.Build.0 = Release|Any CPU
		{458A298C-B80F-D3C0-FF95-933A7F2DE93A}.Debug|Any CPU.ActiveCfg = Debug|Any CPU
		{458A298C-B80F-D3C0-FF95-933A7F2DE93A}.Debug|Any CPU.Build.0 = Debug|Any CPU
		{458A298C-B80F-D3C0-FF95-933A7F2DE93A}.Release|Any CPU.ActiveCfg = Release|Any CPU
		{458A298C-B80F-D3C0-FF95-933A7F2DE93A}.Release|Any CPU.Build.0 = Release|Any CPU
		{EC000736-5115-78A1-8E48-0309ADF99F37}.Debug|Any CPU.ActiveCfg = Debug|Any CPU
		{EC000736-5115-78A1-8E48-0309ADF99F37}.Debug|Any CPU.Build.0 = Debug|Any CPU
		{EC000736-5115-78A1-8E48-0309ADF99F37}.Release|Any CPU.ActiveCfg = Release|Any CPU
		{EC000736-5115-78A1-8E48-0309ADF99F37}.Release|Any CPU.Build.0 = Release|Any CPU
		{375A7695-21AC-62DA-27AC-1254FC063802}.Debug|Any CPU.ActiveCfg = Debug|Any CPU
		{375A7695-21AC-62DA-27AC-1254FC063802}.Debug|Any CPU.Build.0 = Debug|Any CPU
		{375A7695-21AC-62DA-27AC-1254FC063802}.Release|Any CPU.ActiveCfg = Release|Any CPU
		{375A7695-21AC-62DA-27AC-1254FC063802}.Release|Any CPU.Build.0 = Release|Any CPU
		{00D25FAE-2C70-1C4E-EBAC-17191EAB0D81}.Debug|Any CPU.ActiveCfg = Debug|Any CPU
		{00D25FAE-2C70-1C4E-EBAC-17191EAB0D81}.Debug|Any CPU.Build.0 = Debug|Any CPU
		{00D25FAE-2C70-1C4E-EBAC-17191EAB0D81}.Release|Any CPU.ActiveCfg = Release|Any CPU
		{00D25FAE-2C70-1C4E-EBAC-17191EAB0D81}.Release|Any CPU.Build.0 = Release|Any CPU
		{9CFFD8DF-D44B-BC6C-3125-35919A8BF16B}.Debug|Any CPU.ActiveCfg = Debug|Any CPU
		{9CFFD8DF-D44B-BC6C-3125-35919A8BF16B}.Debug|Any CPU.Build.0 = Debug|Any CPU
		{9CFFD8DF-D44B-BC6C-3125-35919A8BF16B}.Release|Any CPU.ActiveCfg = Release|Any CPU
		{9CFFD8DF-D44B-BC6C-3125-35919A8BF16B}.Release|Any CPU.Build.0 = Release|Any CPU
		{44F9A780-A996-1E57-9092-5DEA89F0CA05}.Debug|Any CPU.ActiveCfg = Debug|Any CPU
		{44F9A780-A996-1E57-9092-5DEA89F0CA05}.Debug|Any CPU.Build.0 = Debug|Any CPU
		{44F9A780-A996-1E57-9092-5DEA89F0CA05}.Release|Any CPU.ActiveCfg = Release|Any CPU
		{44F9A780-A996-1E57-9092-5DEA89F0CA05}.Release|Any CPU.Build.0 = Release|Any CPU
		{AE8F132B-CD64-E577-B821-B432F1B53145}.Debug|Any CPU.ActiveCfg = Debug|Any CPU
		{AE8F132B-CD64-E577-B821-B432F1B53145}.Debug|Any CPU.Build.0 = Debug|Any CPU
		{AE8F132B-CD64-E577-B821-B432F1B53145}.Release|Any CPU.ActiveCfg = Release|Any CPU
		{AE8F132B-CD64-E577-B821-B432F1B53145}.Release|Any CPU.Build.0 = Release|Any CPU
		{08C6376F-AEE4-BAD9-F89F-5A5A34930778}.Debug|Any CPU.ActiveCfg = Debug|Any CPU
		{08C6376F-AEE4-BAD9-F89F-5A5A34930778}.Debug|Any CPU.Build.0 = Debug|Any CPU
		{08C6376F-AEE4-BAD9-F89F-5A5A34930778}.Release|Any CPU.ActiveCfg = Release|Any CPU
		{08C6376F-AEE4-BAD9-F89F-5A5A34930778}.Release|Any CPU.Build.0 = Release|Any CPU
		{C7239F3C-9C41-0656-C391-3CCEF31A95D9}.Debug|Any CPU.ActiveCfg = Debug|Any CPU
		{C7239F3C-9C41-0656-C391-3CCEF31A95D9}.Debug|Any CPU.Build.0 = Debug|Any CPU
		{C7239F3C-9C41-0656-C391-3CCEF31A95D9}.Release|Any CPU.ActiveCfg = Release|Any CPU
		{C7239F3C-9C41-0656-C391-3CCEF31A95D9}.Release|Any CPU.Build.0 = Release|Any CPU
		{D3DE9692-C7AD-8156-C736-AE0B80E2A997}.Debug|Any CPU.ActiveCfg = Debug|Any CPU
		{D3DE9692-C7AD-8156-C736-AE0B80E2A997}.Debug|Any CPU.Build.0 = Debug|Any CPU
		{D3DE9692-C7AD-8156-C736-AE0B80E2A997}.Release|Any CPU.ActiveCfg = Release|Any CPU
		{D3DE9692-C7AD-8156-C736-AE0B80E2A997}.Release|Any CPU.Build.0 = Release|Any CPU
		{2A7CF16C-BE4C-A249-421D-03EDA2795F4D}.Debug|Any CPU.ActiveCfg = Debug|Any CPU
		{2A7CF16C-BE4C-A249-421D-03EDA2795F4D}.Debug|Any CPU.Build.0 = Debug|Any CPU
		{2A7CF16C-BE4C-A249-421D-03EDA2795F4D}.Release|Any CPU.ActiveCfg = Release|Any CPU
		{2A7CF16C-BE4C-A249-421D-03EDA2795F4D}.Release|Any CPU.Build.0 = Release|Any CPU
		{DA7B3D1F-E427-4C8F-5C36-E43CA6A12DFB}.Debug|Any CPU.ActiveCfg = Debug|Any CPU
		{DA7B3D1F-E427-4C8F-5C36-E43CA6A12DFB}.Debug|Any CPU.Build.0 = Debug|Any CPU
		{DA7B3D1F-E427-4C8F-5C36-E43CA6A12DFB}.Release|Any CPU.ActiveCfg = Release|Any CPU
		{DA7B3D1F-E427-4C8F-5C36-E43CA6A12DFB}.Release|Any CPU.Build.0 = Release|Any CPU
		{73AA5866-E7CF-57BD-8B1B-67002D87ABD0}.Debug|Any CPU.ActiveCfg = Debug|Any CPU
		{73AA5866-E7CF-57BD-8B1B-67002D87ABD0}.Debug|Any CPU.Build.0 = Debug|Any CPU
		{73AA5866-E7CF-57BD-8B1B-67002D87ABD0}.Release|Any CPU.ActiveCfg = Release|Any CPU
		{73AA5866-E7CF-57BD-8B1B-67002D87ABD0}.Release|Any CPU.Build.0 = Release|Any CPU
	EndGlobalSection
	GlobalSection(SolutionProperties) = preSolution
		HideSolutionNode = FALSE
	EndGlobalSection
EndGlobal
