
Microsoft Visual Studio Solution File, Format Version 12.00
# Visual Studio 15
Project("{FAE04EC0-301F-11D3-BF4B-00C04F79EFBC}") = "Unity.Timeline", "Unity.Timeline.csproj", "{0B205B6E-7CA8-C249-4B74-E80B64B550D8}"
EndProject
Project("{FAE04EC0-301F-11D3-BF4B-00C04F79EFBC}") = "Assembly-CSharp", "Assembly-CSharp.csproj", "{43593131-537D-4B6F-1759-EFFF03981EED}"
EndProject
Project("{FAE04EC0-301F-11D3-BF4B-00C04F79EFBC}") = "Unity.Timeline.Editor", "Unity.Timeline.Editor.csproj", "{9B72758D-E32F-24A2-4B38-78282CE6404B}"
EndProject
Project("{FAE04EC0-301F-11D3-BF4B-00C04F79EFBC}") = "Unity.2D.Tilemap.Editor", "Unity.2D.Tilemap.Editor.csproj", "{91235E49-8A6B-7449-F0FB-2063EF105C2F}"
EndProject
Project("{FAE04EC0-301F-11D3-BF4B-00C04F79EFBC}") = "Unity.TextMeshPro.Editor", "Unity.TextMeshPro.Editor.csproj", "{39DE3314-6C20-4201-B032-C37FAB5A21EC}"
EndProject
Project("{FAE04EC0-301F-11D3-BF4B-00C04F79EFBC}") = "Unity.2D.Aseprite.Editor", "Unity.2D.Aseprite.Editor.csproj", "{FF2A3E2E-248D-010D-E179-EEDFC3F471B8}"
EndProject
Project("{FAE04EC0-301F-11D3-BF4B-00C04F79EFBC}") = "UnityEditor.UI", "UnityEditor.UI.csproj", "{940B8C84-5A9E-F5C9-F422-903989B0CCE4}"
EndProject
Project("{FAE04EC0-301F-11D3-BF4B-00C04F79EFBC}") = "Unity.PlasticSCM.Editor", "Unity.PlasticSCM.Editor.csproj", "{4DD230B8-6504-594A-1226-2DF6C4051346}"
EndProject
Project("{FAE04EC0-301F-11D3-BF4B-00C04F79EFBC}") = "Unity.2D.Psdimporter.Editor", "Unity.2D.Psdimporter.Editor.csproj", "{B64B08D8-1D75-0145-0AF6-739DA3AC5215}"
EndProject
Project("{FAE04EC0-301F-11D3-BF4B-00C04F79EFBC}") = "Unity.InputSystem", "Unity.InputSystem.csproj", "{209538DC-DFE8-DB0F-AD9A-1DE02A3E8B52}"
EndProject
Project("{FAE04EC0-301F-11D3-BF4B-00C04F79EFBC}") = "Unity.Mathematics", "Unity.Mathematics.csproj", "{DB361803-F74C-E1CF-8360-7DD2DCEA3A19}"
EndProject
Project("{FAE04EC0-301F-11D3-BF4B-00C04F79EFBC}") = "Unity.2D.Animation.Editor", "Unity.2D.Animation.Editor.csproj", "{24ED766F-35C4-670E-81BD-2AAA478777C3}"
EndProject
Project("{FAE04EC0-301F-11D3-BF4B-00C04F79EFBC}") = "Unity.2D.Common.Path.Editor", "Unity.2D.Common.Path.Editor.csproj", "{7E3C11A1-41E4-F813-616C-62C752AC70C3}"
EndProject
Project("{FAE04EC0-301F-11D3-BF4B-00C04F79EFBC}") = "Unity.2D.IK.Runtime", "Unity.2D.IK.Runtime.csproj", "{B2921E8D-6C2B-BA57-A786-0E176465C78A}"
EndProject
Project("{FAE04EC0-301F-11D3-BF4B-00C04F79EFBC}") = "UnityEditor.TestRunner", "UnityEditor.TestRunner.csproj", "{343EA5FE-39BE-3088-6B04-F1352CDA6EAD}"
EndProject
Project("{FAE04EC0-301F-11D3-BF4B-00C04F79EFBC}") = "UnityEngine.TestRunner", "UnityEngine.TestRunner.csproj", "{23D0D2C1-0F1E-B761-6065-8AB40665158C}"
EndProject
Project("{FAE04EC0-301F-11D3-BF4B-00C04F79EFBC}") = "PsdPlugin", "PsdPlugin.csproj", "{D18DE0B2-8AC1-C313-9085-ED3A906682FE}"
EndProject
Project("{FAE04EC0-301F-11D3-BF4B-00C04F79EFBC}") = "Ink-Libraries", "Ink-Libraries.csproj", "{5F973595-C471-35AE-FD55-F5FC82FA4B41}"
EndProject
Project("{FAE04EC0-301F-11D3-BF4B-00C04F79EFBC}") = "Unity.Burst", "Unity.Burst.csproj", "{61F0F8DE-F373-A976-0133-5CBCCE3D03A9}"
EndProject
Project("{FAE04EC0-301F-11D3-BF4B-00C04F79EFBC}") = "UnityEngine.UI", "UnityEngine.UI.csproj", "{C76CAA84-9CD2-4673-38A7-197B6B5CE65C}"
EndProject
Project("{FAE04EC0-301F-11D3-BF4B-00C04F79EFBC}") = "Unity.2D.SpriteShape.Editor", "Unity.2D.SpriteShape.Editor.csproj", "{C47D13E1-0052-6949-AD09-9CD59CD9B607}"
EndProject
Project("{FAE04EC0-301F-11D3-BF4B-00C04F79EFBC}") = "Unity.Collections", "Unity.Collections.csproj", "{71E01978-A93B-0BEF-67FF-C3D2C5E94543}"
EndProject
Project("{FAE04EC0-301F-11D3-BF4B-00C04F79EFBC}") = "Unity.VisualStudio.Editor", "Unity.VisualStudio.Editor.csproj", "{CF85FFAB-41AD-40F7-2790-31B4D6D91BAF}"
EndProject
Project("{FAE04EC0-301F-11D3-BF4B-00C04F79EFBC}") = "Unity.2D.Tilemap.Extras.Editor", "Unity.2D.Tilemap.Extras.Editor.csproj", "{E0EC6750-097B-83EC-9B55-AA745DD568C5}"
EndProject
Project("{FAE04EC0-301F-11D3-BF4B-00C04F79EFBC}") = "Unity.Rider.Editor", "Unity.Rider.Editor.csproj", "{870DED43-643B-6059-D747-706A3048A91E}"
EndProject
Project("{FAE04EC0-301F-11D3-BF4B-00C04F79EFBC}") = "Unity.InternalAPIEditorBridge.001", "Unity.InternalAPIEditorBridge.001.csproj", "{13CAECF1-F408-C535-5B27-F1F96EDE6F66}"
EndProject
Project("{FAE04EC0-301F-11D3-BF4B-00C04F79EFBC}") = "Unity.2D.SpriteShape.Runtime", "Unity.2D.SpriteShape.Runtime.csproj", "{4EB0B5F9-1051-9961-6282-E7A8806AA124}"
EndProject
Project("{FAE04EC0-301F-11D3-BF4B-00C04F79EFBC}") = "Unity.2D.Animation.Runtime", "Unity.2D.Animation.Runtime.csproj", "{223AB41F-08F7-D94C-7F39-0734051E8955}"
EndProject
Project("{FAE04EC0-301F-11D3-BF4B-00C04F79EFBC}") = "Unity.Burst.CodeGen", "Unity.Burst.CodeGen.csproj", "{27E9A5BA-89CF-378C-A756-F5B0E3D45F26}"
EndProject
Project("{FAE04EC0-301F-11D3-BF4B-00C04F79EFBC}") = "Unity.2D.Tilemap.Extras", "Unity.2D.Tilemap.Extras.csproj", "{55C34348-B066-B7D4-52A4-FB82BEF3891A}"
EndProject
Project("{FAE04EC0-301F-11D3-BF4B-00C04F79EFBC}") = "Unity.TextMeshPro", "Unity.TextMeshPro.csproj", "{B0FEC6C2-B7FB-F011-1C15-4630CBAFC494}"
EndProject
Project("{FAE04EC0-301F-11D3-BF4B-00C04F79EFBC}") = "InkEditor", "InkEditor.csproj", "{8BA120AC-40DE-779C-E781-E7924A7A8589}"
EndProject
Project("{FAE04EC0-301F-11D3-BF4B-00C04F79EFBC}") = "Unity.2D.Aseprite.Common", "Unity.2D.Aseprite.Common.csproj", "{C5DA4C1B-E4D2-D374-66A8-97431B55B176}"
EndProject
Project("{FAE04EC0-301F-11D3-BF4B-00C04F79EFBC}") = "Unity.VSCode.Editor", "Unity.VSCode.Editor.csproj", "{CE489037-1814-C993-5EB7-EDC76344F075}"
EndProject
Project("{FAE04EC0-301F-11D3-BF4B-00C04F79EFBC}") = "Unity.2D.IK.Editor", "Unity.2D.IK.Editor.csproj", "{9983A879-90AC-A4B7-9279-D0332990F35C}"
EndProject
Project("{FAE04EC0-301F-11D3-BF4B-00C04F79EFBC}") = "Unity.InternalAPIEngineBridge.001", "Unity.InternalAPIEngineBridge.001.csproj", "{71F53EDE-7981-E518-6940-A145EE64FB17}"
EndProject
Project("{FAE04EC0-301F-11D3-BF4B-00C04F79EFBC}") = "Unity.Burst.Editor", "Unity.Burst.Editor.csproj", "{5B950653-DF56-DA71-D177-E0FF7A44699C}"
EndProject
Project("{FAE04EC0-301F-11D3-BF4B-00C04F79EFBC}") = "Unity.2D.Common.Editor", "Unity.2D.Common.Editor.csproj", "{00C71D9B-FE12-8A89-E374-FB36857F1140}"
EndProject
Project("{FAE04EC0-301F-11D3-BF4B-00C04F79EFBC}") = "Assembly-CSharp-Editor", "Assembly-CSharp-Editor.csproj", "{B1151D8B-4F4F-A295-3E9B-0A102B94390C}"
EndProject
Project("{FAE04EC0-301F-11D3-BF4B-00C04F79EFBC}") = "Unity.2D.Sprite.Editor", "Unity.2D.Sprite.Editor.csproj", "{F255FEB9-4547-774C-5CDB-75E08ADC00B7}"
EndProject
Project("{FAE04EC0-301F-11D3-BF4B-00C04F79EFBC}") = "Unity.2D.PixelPerfect", "Unity.2D.PixelPerfect.csproj", "{AD78436E-C9BE-34C0-3F32-0DC4CFA0F5B2}"
EndProject
Project("{FAE04EC0-301F-11D3-BF4B-00C04F79EFBC}") = "Unity.2D.PixelPerfect.Editor", "Unity.2D.PixelPerfect.Editor.csproj", "{84F89746-343C-8F3A-6940-127C405AE0B4}"
EndProject
Project("{FAE04EC0-301F-11D3-BF4B-00C04F79EFBC}") = "Unity.2D.Common.Runtime", "Unity.2D.Common.Runtime.csproj", "{56AB80BF-47FC-6F65-A979-6120B4A3ECC8}"
EndProject
Project("{FAE04EC0-301F-11D3-BF4B-00C04F79EFBC}") = "Unity.InputSystem.ForUI", "Unity.InputSystem.ForUI.csproj", "{C1A5E834-7420-9CF6-EB23-9026A54F10BA}"
EndProject
Project("{FAE04EC0-301F-11D3-BF4B-00C04F79EFBC}") = "Unity.Mathematics.Editor", "Unity.Mathematics.Editor.csproj", "{C4047F67-1091-1C8A-7F7A-185E5F8CDFA2}"
EndProject
Project("{FAE04EC0-301F-11D3-BF4B-00C04F79EFBC}") = "Unity.InputSystem.TestFramework", "Unity.InputSystem.TestFramework.csproj", "{2C2BEC1B-966B-2C56-B77D-7369DD6C7F12}"
EndProject
Project("{FAE04EC0-301F-11D3-BF4B-00C04F79EFBC}") = "Unity.Collections.BurstCompatibilityGen", "Unity.Collections.BurstCompatibilityGen.csproj", "{54FDC4AA-B26B-57B0-3E1E-43602B85AA27}"
EndProject
Project("{FAE04EC0-301F-11D3-BF4B-00C04F79EFBC}") = "Unity.InternalAPIEditorBridge.005", "Unity.InternalAPIEditorBridge.005.csproj", "{CBDE0901-71FE-D3E7-2D39-6B4134CD79BE}"
EndProject
Project("{FAE04EC0-301F-11D3-BF4B-00C04F79EFBC}") = "Unity.Collections.DocCodeSamples", "Unity.Collections.DocCodeSamples.csproj", "{A7AADB4D-B61E-AE29-D9D1-DC0D03DB86E3}"
EndProject
Project("{FAE04EC0-301F-11D3-BF4B-00C04F79EFBC}") = "Unity.CollabProxy.Editor", "Unity.CollabProxy.Editor.csproj", "{37ADCF70-7C0C-9ECF-7B71-29CC70E86A8D}"
EndProject
Project("{FAE04EC0-301F-11D3-BF4B-00C04F79EFBC}") = "Unity.Timeline", "Unity.Timeline.Player.csproj", "{0EEA747A-FD5A-22DA-10B0-C84A82643928}"
EndProject
Project("{FAE04EC0-301F-11D3-BF4B-00C04F79EFBC}") = "Assembly-CSharp", "Assembly-CSharp.Player.csproj", "{D8623662-CC4E-29B9-4114-6C3F44048F7A}"
EndProject
Project("{FAE04EC0-301F-11D3-BF4B-00C04F79EFBC}") = "Unity.InputSystem", "Unity.InputSystem.Player.csproj", "{19F4D3A0-57EE-286A-4BBB-F851E0BF4081}"
EndProject
Project("{FAE04EC0-301F-11D3-BF4B-00C04F79EFBC}") = "Unity.Mathematics", "Unity.Mathematics.Player.csproj", "{64273751-5FE4-ABF4-18CC-D9E86CB431E4}"
EndProject
Project("{FAE04EC0-301F-11D3-BF4B-00C04F79EFBC}") = "Unity.2D.IK.Runtime", "Unity.2D.IK.Runtime.Player.csproj", "{0AFF4ACC-F251-D99D-1B43-565B8832773E}"
EndProject
Project("{FAE04EC0-301F-11D3-BF4B-00C04F79EFBC}") = "UnityEngine.TestRunner", "UnityEngine.TestRunner.Player.csproj", "{AFA7D30D-2AA1-704D-17F4-3C6F8199A7B0}"
EndProject
Project("{FAE04EC0-301F-11D3-BF4B-00C04F79EFBC}") = "Ink-Libraries", "Ink-Libraries.Player.csproj", "{5C546E5E-C2F7-62FD-7097-474B6E992D69}"
EndProject
Project("{FAE04EC0-301F-11D3-BF4B-00C04F79EFBC}") = "Unity.Burst", "Unity.Burst.Player.csproj", "{13608E85-2643-6282-CD81-D36BD9B917FA}"
EndProject
Project("{FAE04EC0-301F-11D3-BF4B-00C04F79EFBC}") = "UnityEngine.UI", "UnityEngine.UI.Player.csproj", "{105B64B6-EA01-8EBF-4445-51D8C04CE306}"
EndProject
Project("{FAE04EC0-301F-11D3-BF4B-00C04F79EFBC}") = "Unity.Collections", "Unity.Collections.Player.csproj", "{AC61C2ED-4F49-0A10-5FF0-E40679A26367}"
EndProject
Project("{FAE04EC0-301F-11D3-BF4B-00C04F79EFBC}") = "Unity.2D.SpriteShape.Runtime", "Unity.2D.SpriteShape.Runtime.Player.csproj", "{486F505C-3F19-EA64-4302-C28F2F35D342}"
EndProject
Project("{FAE04EC0-301F-11D3-BF4B-00C04F79EFBC}") = "Unity.2D.Animation.Runtime", "Unity.2D.Animation.Runtime.Player.csproj", "{E1717BF2-57A5-1F5F-CC8C-45A9B81E6112}"
EndProject
Project("{FAE04EC0-301F-11D3-BF4B-00C04F79EFBC}") = "Unity.2D.Tilemap.Extras", "Unity.2D.Tilemap.Extras.Player.csproj", "{77CC9926-3DBF-0F5A-22B0-04D438441D91}"
EndProject
Project("{FAE04EC0-301F-11D3-BF4B-00C04F79EFBC}") = "Unity.TextMeshPro", "Unity.TextMeshPro.Player.csproj", "{DB4E8E42-BF6B-811E-E4E7-A1DA92EFA1C9}"
EndProject
Project("{FAE04EC0-301F-11D3-BF4B-00C04F79EFBC}") = "Unity.InternalAPIEngineBridge.001", "Unity.InternalAPIEngineBridge.001.Player.csproj", "{797F5652-66B5-B3DD-817A-82C173B608E9}"
EndProject
Project("{FAE04EC0-301F-11D3-BF4B-00C04F79EFBC}") = "Unity.2D.PixelPerfect", "Unity.2D.PixelPerfect.Player.csproj", "{4782089B-F05C-8AFA-AD6F-9C781653466C}"
EndProject
Project("{FAE04EC0-301F-11D3-BF4B-00C04F79EFBC}") = "Unity.2D.Common.Runtime", "Unity.2D.Common.Runtime.Player.csproj", "{A74218C5-A0BB-F459-3FA7-D3D48E6FABE3}"
EndProject
Project("{FAE04EC0-301F-11D3-BF4B-00C04F79EFBC}") = "Unity.InputSystem.ForUI", "Unity.InputSystem.ForUI.Player.csproj", "{0A6BBF0A-813F-7069-344D-B944350668CB}"
EndProject
Project("{FAE04EC0-301F-11D3-BF4B-00C04F79EFBC}") = "Unity.InputSystem.TestFramework", "Unity.InputSystem.TestFramework.Player.csproj", "{807D1538-5294-9368-242B-0550D8B77E1A}"
EndProject
Global
	GlobalSection(SolutionConfigurationPlatforms) = preSolution
		Debug|Any CPU = Debug|Any CPU
		Release|Any CPU = Release|Any CPU
	EndGlobalSection
	GlobalSection(ProjectConfigurationPlatforms) = postSolution
		{0B205B6E-7CA8-C249-4B74-E80B64B550D8}.Debug|Any CPU.ActiveCfg = Debug|Any CPU
		{0B205B6E-7CA8-C249-4B74-E80B64B550D8}.Debug|Any CPU.Build.0 = Debug|Any CPU
		{0B205B6E-7CA8-C249-4B74-E80B64B550D8}.Release|Any CPU.ActiveCfg = Release|Any CPU
		{0B205B6E-7CA8-C249-4B74-E80B64B550D8}.Release|Any CPU.Build.0 = Release|Any CPU
		{43593131-537D-4B6F-1759-EFFF03981EED}.Debug|Any CPU.ActiveCfg = Debug|Any CPU
		{43593131-537D-4B6F-1759-EFFF03981EED}.Debug|Any CPU.Build.0 = Debug|Any CPU
		{43593131-537D-4B6F-1759-EFFF03981EED}.Release|Any CPU.ActiveCfg = Release|Any CPU
		{43593131-537D-4B6F-1759-EFFF03981EED}.Release|Any CPU.Build.0 = Release|Any CPU
		{9B72758D-E32F-24A2-4B38-78282CE6404B}.Debug|Any CPU.ActiveCfg = Debug|Any CPU
		{9B72758D-E32F-24A2-4B38-78282CE6404B}.Debug|Any CPU.Build.0 = Debug|Any CPU
		{9B72758D-E32F-24A2-4B38-78282CE6404B}.Release|Any CPU.ActiveCfg = Release|Any CPU
		{9B72758D-E32F-24A2-4B38-78282CE6404B}.Release|Any CPU.Build.0 = Release|Any CPU
		{91235E49-8A6B-7449-F0FB-2063EF105C2F}.Debug|Any CPU.ActiveCfg = Debug|Any CPU
		{91235E49-8A6B-7449-F0FB-2063EF105C2F}.Debug|Any CPU.Build.0 = Debug|Any CPU
		{91235E49-8A6B-7449-F0FB-2063EF105C2F}.Release|Any CPU.ActiveCfg = Release|Any CPU
		{91235E49-8A6B-7449-F0FB-2063EF105C2F}.Release|Any CPU.Build.0 = Release|Any CPU
		{39DE3314-6C20-4201-B032-C37FAB5A21EC}.Debug|Any CPU.ActiveCfg = Debug|Any CPU
		{39DE3314-6C20-4201-B032-C37FAB5A21EC}.Debug|Any CPU.Build.0 = Debug|Any CPU
		{39DE3314-6C20-4201-B032-C37FAB5A21EC}.Release|Any CPU.ActiveCfg = Release|Any CPU
		{39DE3314-6C20-4201-B032-C37FAB5A21EC}.Release|Any CPU.Build.0 = Release|Any CPU
		{FF2A3E2E-248D-010D-E179-EEDFC3F471B8}.Debug|Any CPU.ActiveCfg = Debug|Any CPU
		{FF2A3E2E-248D-010D-E179-EEDFC3F471B8}.Debug|Any CPU.Build.0 = Debug|Any CPU
		{FF2A3E2E-248D-010D-E179-EEDFC3F471B8}.Release|Any CPU.ActiveCfg = Release|Any CPU
		{FF2A3E2E-248D-010D-E179-EEDFC3F471B8}.Release|Any CPU.Build.0 = Release|Any CPU
		{940B8C84-5A9E-F5C9-F422-903989B0CCE4}.Debug|Any CPU.ActiveCfg = Debug|Any CPU
		{940B8C84-5A9E-F5C9-F422-903989B0CCE4}.Debug|Any CPU.Build.0 = Debug|Any CPU
		{940B8C84-5A9E-F5C9-F422-903989B0CCE4}.Release|Any CPU.ActiveCfg = Release|Any CPU
		{940B8C84-5A9E-F5C9-F422-903989B0CCE4}.Release|Any CPU.Build.0 = Release|Any CPU
		{4DD230B8-6504-594A-1226-2DF6C4051346}.Debug|Any CPU.ActiveCfg = Debug|Any CPU
		{4DD230B8-6504-594A-1226-2DF6C4051346}.Debug|Any CPU.Build.0 = Debug|Any CPU
		{4DD230B8-6504-594A-1226-2DF6C4051346}.Release|Any CPU.ActiveCfg = Release|Any CPU
		{4DD230B8-6504-594A-1226-2DF6C4051346}.Release|Any CPU.Build.0 = Release|Any CPU
		{B64B08D8-1D75-0145-0AF6-739DA3AC5215}.Debug|Any CPU.ActiveCfg = Debug|Any CPU
		{B64B08D8-1D75-0145-0AF6-739DA3AC5215}.Debug|Any CPU.Build.0 = Debug|Any CPU
		{B64B08D8-1D75-0145-0AF6-739DA3AC5215}.Release|Any CPU.ActiveCfg = Release|Any CPU
		{B64B08D8-1D75-0145-0AF6-739DA3AC5215}.Release|Any CPU.Build.0 = Release|Any CPU
		{209538DC-DFE8-DB0F-AD9A-1DE02A3E8B52}.Debug|Any CPU.ActiveCfg = Debug|Any CPU
		{209538DC-DFE8-DB0F-AD9A-1DE02A3E8B52}.Debug|Any CPU.Build.0 = Debug|Any CPU
		{209538DC-DFE8-DB0F-AD9A-1DE02A3E8B52}.Release|Any CPU.ActiveCfg = Release|Any CPU
		{209538DC-DFE8-DB0F-AD9A-1DE02A3E8B52}.Release|Any CPU.Build.0 = Release|Any CPU
		{DB361803-F74C-E1CF-8360-7DD2DCEA3A19}.Debug|Any CPU.ActiveCfg = Debug|Any CPU
		{DB361803-F74C-E1CF-8360-7DD2DCEA3A19}.Debug|Any CPU.Build.0 = Debug|Any CPU
		{DB361803-F74C-E1CF-8360-7DD2DCEA3A19}.Release|Any CPU.ActiveCfg = Release|Any CPU
		{DB361803-F74C-E1CF-8360-7DD2DCEA3A19}.Release|Any CPU.Build.0 = Release|Any CPU
		{24ED766F-35C4-670E-81BD-2AAA478777C3}.Debug|Any CPU.ActiveCfg = Debug|Any CPU
		{24ED766F-35C4-670E-81BD-2AAA478777C3}.Debug|Any CPU.Build.0 = Debug|Any CPU
		{24ED766F-35C4-670E-81BD-2AAA478777C3}.Release|Any CPU.ActiveCfg = Release|Any CPU
		{24ED766F-35C4-670E-81BD-2AAA478777C3}.Release|Any CPU.Build.0 = Release|Any CPU
		{7E3C11A1-41E4-F813-616C-62C752AC70C3}.Debug|Any CPU.ActiveCfg = Debug|Any CPU
		{7E3C11A1-41E4-F813-616C-62C752AC70C3}.Debug|Any CPU.Build.0 = Debug|Any CPU
		{7E3C11A1-41E4-F813-616C-62C752AC70C3}.Release|Any CPU.ActiveCfg = Release|Any CPU
		{7E3C11A1-41E4-F813-616C-62C752AC70C3}.Release|Any CPU.Build.0 = Release|Any CPU
		{B2921E8D-6C2B-BA57-A786-0E176465C78A}.Debug|Any CPU.ActiveCfg = Debug|Any CPU
		{B2921E8D-6C2B-BA57-A786-0E176465C78A}.Debug|Any CPU.Build.0 = Debug|Any CPU
		{B2921E8D-6C2B-BA57-A786-0E176465C78A}.Release|Any CPU.ActiveCfg = Release|Any CPU
		{B2921E8D-6C2B-BA57-A786-0E176465C78A}.Release|Any CPU.Build.0 = Release|Any CPU
		{343EA5FE-39BE-3088-6B04-F1352CDA6EAD}.Debug|Any CPU.ActiveCfg = Debug|Any CPU
		{343EA5FE-39BE-3088-6B04-F1352CDA6EAD}.Debug|Any CPU.Build.0 = Debug|Any CPU
		{343EA5FE-39BE-3088-6B04-F1352CDA6EAD}.Release|Any CPU.ActiveCfg = Release|Any CPU
		{343EA5FE-39BE-3088-6B04-F1352CDA6EAD}.Release|Any CPU.Build.0 = Release|Any CPU
		{23D0D2C1-0F1E-B761-6065-8AB40665158C}.Debug|Any CPU.ActiveCfg = Debug|Any CPU
		{23D0D2C1-0F1E-B761-6065-8AB40665158C}.Debug|Any CPU.Build.0 = Debug|Any CPU
		{23D0D2C1-0F1E-B761-6065-8AB40665158C}.Release|Any CPU.ActiveCfg = Release|Any CPU
		{23D0D2C1-0F1E-B761-6065-8AB40665158C}.Release|Any CPU.Build.0 = Release|Any CPU
		{D18DE0B2-8AC1-C313-9085-ED3A906682FE}.Debug|Any CPU.ActiveCfg = Debug|Any CPU
		{D18DE0B2-8AC1-C313-9085-ED3A906682FE}.Debug|Any CPU.Build.0 = Debug|Any CPU
		{D18DE0B2-8AC1-C313-9085-ED3A906682FE}.Release|Any CPU.ActiveCfg = Release|Any CPU
		{D18DE0B2-8AC1-C313-9085-ED3A906682FE}.Release|Any CPU.Build.0 = Release|Any CPU
		{5F973595-C471-35AE-FD55-F5FC82FA4B41}.Debug|Any CPU.ActiveCfg = Debug|Any CPU
		{5F973595-C471-35AE-FD55-F5FC82FA4B41}.Debug|Any CPU.Build.0 = Debug|Any CPU
		{5F973595-C471-35AE-FD55-F5FC82FA4B41}.Release|Any CPU.ActiveCfg = Release|Any CPU
		{5F973595-C471-35AE-FD55-F5FC82FA4B41}.Release|Any CPU.Build.0 = Release|Any CPU
		{61F0F8DE-F373-A976-0133-5CBCCE3D03A9}.Debug|Any CPU.ActiveCfg = Debug|Any CPU
		{61F0F8DE-F373-A976-0133-5CBCCE3D03A9}.Debug|Any CPU.Build.0 = Debug|Any CPU
		{61F0F8DE-F373-A976-0133-5CBCCE3D03A9}.Release|Any CPU.ActiveCfg = Release|Any CPU
		{61F0F8DE-F373-A976-0133-5CBCCE3D03A9}.Release|Any CPU.Build.0 = Release|Any CPU
		{C76CAA84-9CD2-4673-38A7-197B6B5CE65C}.Debug|Any CPU.ActiveCfg = Debug|Any CPU
		{C76CAA84-9CD2-4673-38A7-197B6B5CE65C}.Debug|Any CPU.Build.0 = Debug|Any CPU
		{C76CAA84-9CD2-4673-38A7-197B6B5CE65C}.Release|Any CPU.ActiveCfg = Release|Any CPU
		{C76CAA84-9CD2-4673-38A7-197B6B5CE65C}.Release|Any CPU.Build.0 = Release|Any CPU
		{C47D13E1-0052-6949-AD09-9CD59CD9B607}.Debug|Any CPU.ActiveCfg = Debug|Any CPU
		{C47D13E1-0052-6949-AD09-9CD59CD9B607}.Debug|Any CPU.Build.0 = Debug|Any CPU
		{C47D13E1-0052-6949-AD09-9CD59CD9B607}.Release|Any CPU.ActiveCfg = Release|Any CPU
		{C47D13E1-0052-6949-AD09-9CD59CD9B607}.Release|Any CPU.Build.0 = Release|Any CPU
		{71E01978-A93B-0BEF-67FF-C3D2C5E94543}.Debug|Any CPU.ActiveCfg = Debug|Any CPU
		{71E01978-A93B-0BEF-67FF-C3D2C5E94543}.Debug|Any CPU.Build.0 = Debug|Any CPU
		{71E01978-A93B-0BEF-67FF-C3D2C5E94543}.Release|Any CPU.ActiveCfg = Release|Any CPU
		{71E01978-A93B-0BEF-67FF-C3D2C5E94543}.Release|Any CPU.Build.0 = Release|Any CPU
		{CF85FFAB-41AD-40F7-2790-31B4D6D91BAF}.Debug|Any CPU.ActiveCfg = Debug|Any CPU
		{CF85FFAB-41AD-40F7-2790-31B4D6D91BAF}.Debug|Any CPU.Build.0 = Debug|Any CPU
		{CF85FFAB-41AD-40F7-2790-31B4D6D91BAF}.Release|Any CPU.ActiveCfg = Release|Any CPU
		{CF85FFAB-41AD-40F7-2790-31B4D6D91BAF}.Release|Any CPU.Build.0 = Release|Any CPU
		{E0EC6750-097B-83EC-9B55-AA745DD568C5}.Debug|Any CPU.ActiveCfg = Debug|Any CPU
		{E0EC6750-097B-83EC-9B55-AA745DD568C5}.Debug|Any CPU.Build.0 = Debug|Any CPU
		{E0EC6750-097B-83EC-9B55-AA745DD568C5}.Release|Any CPU.ActiveCfg = Release|Any CPU
		{E0EC6750-097B-83EC-9B55-AA745DD568C5}.Release|Any CPU.Build.0 = Release|Any CPU
		{870DED43-643B-6059-D747-706A3048A91E}.Debug|Any CPU.ActiveCfg = Debug|Any CPU
		{870DED43-643B-6059-D747-706A3048A91E}.Debug|Any CPU.Build.0 = Debug|Any CPU
		{870DED43-643B-6059-D747-706A3048A91E}.Release|Any CPU.ActiveCfg = Release|Any CPU
		{870DED43-643B-6059-D747-706A3048A91E}.Release|Any CPU.Build.0 = Release|Any CPU
		{13CAECF1-F408-C535-5B27-F1F96EDE6F66}.Debug|Any CPU.ActiveCfg = Debug|Any CPU
		{13CAECF1-F408-C535-5B27-F1F96EDE6F66}.Debug|Any CPU.Build.0 = Debug|Any CPU
		{13CAECF1-F408-C535-5B27-F1F96EDE6F66}.Release|Any CPU.ActiveCfg = Release|Any CPU
		{13CAECF1-F408-C535-5B27-F1F96EDE6F66}.Release|Any CPU.Build.0 = Release|Any CPU
		{4EB0B5F9-1051-9961-6282-E7A8806AA124}.Debug|Any CPU.ActiveCfg = Debug|Any CPU
		{4EB0B5F9-1051-9961-6282-E7A8806AA124}.Debug|Any CPU.Build.0 = Debug|Any CPU
		{4EB0B5F9-1051-9961-6282-E7A8806AA124}.Release|Any CPU.ActiveCfg = Release|Any CPU
		{4EB0B5F9-1051-9961-6282-E7A8806AA124}.Release|Any CPU.Build.0 = Release|Any CPU
		{223AB41F-08F7-D94C-7F39-0734051E8955}.Debug|Any CPU.ActiveCfg = Debug|Any CPU
		{223AB41F-08F7-D94C-7F39-0734051E8955}.Debug|Any CPU.Build.0 = Debug|Any CPU
		{223AB41F-08F7-D94C-7F39-0734051E8955}.Release|Any CPU.ActiveCfg = Release|Any CPU
		{223AB41F-08F7-D94C-7F39-0734051E8955}.Release|Any CPU.Build.0 = Release|Any CPU
		{27E9A5BA-89CF-378C-A756-F5B0E3D45F26}.Debug|Any CPU.ActiveCfg = Debug|Any CPU
		{27E9A5BA-89CF-378C-A756-F5B0E3D45F26}.Debug|Any CPU.Build.0 = Debug|Any CPU
		{27E9A5BA-89CF-378C-A756-F5B0E3D45F26}.Release|Any CPU.ActiveCfg = Release|Any CPU
		{27E9A5BA-89CF-378C-A756-F5B0E3D45F26}.Release|Any CPU.Build.0 = Release|Any CPU
		{55C34348-B066-B7D4-52A4-FB82BEF3891A}.Debug|Any CPU.ActiveCfg = Debug|Any CPU
		{55C34348-B066-B7D4-52A4-FB82BEF3891A}.Debug|Any CPU.Build.0 = Debug|Any CPU
		{55C34348-B066-B7D4-52A4-FB82BEF3891A}.Release|Any CPU.ActiveCfg = Release|Any CPU
		{55C34348-B066-B7D4-52A4-FB82BEF3891A}.Release|Any CPU.Build.0 = Release|Any CPU
		{B0FEC6C2-B7FB-F011-1C15-4630CBAFC494}.Debug|Any CPU.ActiveCfg = Debug|Any CPU
		{B0FEC6C2-B7FB-F011-1C15-4630CBAFC494}.Debug|Any CPU.Build.0 = Debug|Any CPU
		{B0FEC6C2-B7FB-F011-1C15-4630CBAFC494}.Release|Any CPU.ActiveCfg = Release|Any CPU
		{B0FEC6C2-B7FB-F011-1C15-4630CBAFC494}.Release|Any CPU.Build.0 = Release|Any CPU
		{8BA120AC-40DE-779C-E781-E7924A7A8589}.Debug|Any CPU.ActiveCfg = Debug|Any CPU
		{8BA120AC-40DE-779C-E781-E7924A7A8589}.Debug|Any CPU.Build.0 = Debug|Any CPU
		{8BA120AC-40DE-779C-E781-E7924A7A8589}.Release|Any CPU.ActiveCfg = Release|Any CPU
		{8BA120AC-40DE-779C-E781-E7924A7A8589}.Release|Any CPU.Build.0 = Release|Any CPU
		{C5DA4C1B-E4D2-D374-66A8-97431B55B176}.Debug|Any CPU.ActiveCfg = Debug|Any CPU
		{C5DA4C1B-E4D2-D374-66A8-97431B55B176}.Debug|Any CPU.Build.0 = Debug|Any CPU
		{C5DA4C1B-E4D2-D374-66A8-97431B55B176}.Release|Any CPU.ActiveCfg = Release|Any CPU
		{C5DA4C1B-E4D2-D374-66A8-97431B55B176}.Release|Any CPU.Build.0 = Release|Any CPU
		{CE489037-1814-C993-5EB7-EDC76344F075}.Debug|Any CPU.ActiveCfg = Debug|Any CPU
		{CE489037-1814-C993-5EB7-EDC76344F075}.Debug|Any CPU.Build.0 = Debug|Any CPU
		{CE489037-1814-C993-5EB7-EDC76344F075}.Release|Any CPU.ActiveCfg = Release|Any CPU
		{CE489037-1814-C993-5EB7-EDC76344F075}.Release|Any CPU.Build.0 = Release|Any CPU
		{9983A879-90AC-A4B7-9279-D0332990F35C}.Debug|Any CPU.ActiveCfg = Debug|Any CPU
		{9983A879-90AC-A4B7-9279-D0332990F35C}.Debug|Any CPU.Build.0 = Debug|Any CPU
		{9983A879-90AC-A4B7-9279-D0332990F35C}.Release|Any CPU.ActiveCfg = Release|Any CPU
		{9983A879-90AC-A4B7-9279-D0332990F35C}.Release|Any CPU.Build.0 = Release|Any CPU
		{71F53EDE-7981-E518-6940-A145EE64FB17}.Debug|Any CPU.ActiveCfg = Debug|Any CPU
		{71F53EDE-7981-E518-6940-A145EE64FB17}.Debug|Any CPU.Build.0 = Debug|Any CPU
		{71F53EDE-7981-E518-6940-A145EE64FB17}.Release|Any CPU.ActiveCfg = Release|Any CPU
		{71F53EDE-7981-E518-6940-A145EE64FB17}.Release|Any CPU.Build.0 = Release|Any CPU
		{5B950653-DF56-DA71-D177-E0FF7A44699C}.Debug|Any CPU.ActiveCfg = Debug|Any CPU
		{5B950653-DF56-DA71-D177-E0FF7A44699C}.Debug|Any CPU.Build.0 = Debug|Any CPU
		{5B950653-DF56-DA71-D177-E0FF7A44699C}.Release|Any CPU.ActiveCfg = Release|Any CPU
		{5B950653-DF56-DA71-D177-E0FF7A44699C}.Release|Any CPU.Build.0 = Release|Any CPU
		{00C71D9B-FE12-8A89-E374-FB36857F1140}.Debug|Any CPU.ActiveCfg = Debug|Any CPU
		{00C71D9B-FE12-8A89-E374-FB36857F1140}.Debug|Any CPU.Build.0 = Debug|Any CPU
		{00C71D9B-FE12-8A89-E374-FB36857F1140}.Release|Any CPU.ActiveCfg = Release|Any CPU
		{00C71D9B-FE12-8A89-E374-FB36857F1140}.Release|Any CPU.Build.0 = Release|Any CPU
		{B1151D8B-4F4F-A295-3E9B-0A102B94390C}.Debug|Any CPU.ActiveCfg = Debug|Any CPU
		{B1151D8B-4F4F-A295-3E9B-0A102B94390C}.Debug|Any CPU.Build.0 = Debug|Any CPU
		{B1151D8B-4F4F-A295-3E9B-0A102B94390C}.Release|Any CPU.ActiveCfg = Release|Any CPU
		{B1151D8B-4F4F-A295-3E9B-0A102B94390C}.Release|Any CPU.Build.0 = Release|Any CPU
		{F255FEB9-4547-774C-5CDB-75E08ADC00B7}.Debug|Any CPU.ActiveCfg = Debug|Any CPU
		{F255FEB9-4547-774C-5CDB-75E08ADC00B7}.Debug|Any CPU.Build.0 = Debug|Any CPU
		{F255FEB9-4547-774C-5CDB-75E08ADC00B7}.Release|Any CPU.ActiveCfg = Release|Any CPU
		{F255FEB9-4547-774C-5CDB-75E08ADC00B7}.Release|Any CPU.Build.0 = Release|Any CPU
		{AD78436E-C9BE-34C0-3F32-0DC4CFA0F5B2}.Debug|Any CPU.ActiveCfg = Debug|Any CPU
		{AD78436E-C9BE-34C0-3F32-0DC4CFA0F5B2}.Debug|Any CPU.Build.0 = Debug|Any CPU
		{AD78436E-C9BE-34C0-3F32-0DC4CFA0F5B2}.Release|Any CPU.ActiveCfg = Release|Any CPU
		{AD78436E-C9BE-34C0-3F32-0DC4CFA0F5B2}.Release|Any CPU.Build.0 = Release|Any CPU
		{84F89746-343C-8F3A-6940-127C405AE0B4}.Debug|Any CPU.ActiveCfg = Debug|Any CPU
		{84F89746-343C-8F3A-6940-127C405AE0B4}.Debug|Any CPU.Build.0 = Debug|Any CPU
		{84F89746-343C-8F3A-6940-127C405AE0B4}.Release|Any CPU.ActiveCfg = Release|Any CPU
		{84F89746-343C-8F3A-6940-127C405AE0B4}.Release|Any CPU.Build.0 = Release|Any CPU
		{56AB80BF-47FC-6F65-A979-6120B4A3ECC8}.Debug|Any CPU.ActiveCfg = Debug|Any CPU
		{56AB80BF-47FC-6F65-A979-6120B4A3ECC8}.Debug|Any CPU.Build.0 = Debug|Any CPU
		{56AB80BF-47FC-6F65-A979-6120B4A3ECC8}.Release|Any CPU.ActiveCfg = Release|Any CPU
		{56AB80BF-47FC-6F65-A979-6120B4A3ECC8}.Release|Any CPU.Build.0 = Release|Any CPU
		{C1A5E834-7420-9CF6-EB23-9026A54F10BA}.Debug|Any CPU.ActiveCfg = Debug|Any CPU
		{C1A5E834-7420-9CF6-EB23-9026A54F10BA}.Debug|Any CPU.Build.0 = Debug|Any CPU
		{C1A5E834-7420-9CF6-EB23-9026A54F10BA}.Release|Any CPU.ActiveCfg = Release|Any CPU
		{C1A5E834-7420-9CF6-EB23-9026A54F10BA}.Release|Any CPU.Build.0 = Release|Any CPU
		{C4047F67-1091-1C8A-7F7A-185E5F8CDFA2}.Debug|Any CPU.ActiveCfg = Debug|Any CPU
		{C4047F67-1091-1C8A-7F7A-185E5F8CDFA2}.Debug|Any CPU.Build.0 = Debug|Any CPU
		{C4047F67-1091-1C8A-7F7A-185E5F8CDFA2}.Release|Any CPU.ActiveCfg = Release|Any CPU
		{C4047F67-1091-1C8A-7F7A-185E5F8CDFA2}.Release|Any CPU.Build.0 = Release|Any CPU
		{2C2BEC1B-966B-2C56-B77D-7369DD6C7F12}.Debug|Any CPU.ActiveCfg = Debug|Any CPU
		{2C2BEC1B-966B-2C56-B77D-7369DD6C7F12}.Debug|Any CPU.Build.0 = Debug|Any CPU
		{2C2BEC1B-966B-2C56-B77D-7369DD6C7F12}.Release|Any CPU.ActiveCfg = Release|Any CPU
		{2C2BEC1B-966B-2C56-B77D-7369DD6C7F12}.Release|Any CPU.Build.0 = Release|Any CPU
		{54FDC4AA-B26B-57B0-3E1E-43602B85AA27}.Debug|Any CPU.ActiveCfg = Debug|Any CPU
		{54FDC4AA-B26B-57B0-3E1E-43602B85AA27}.Debug|Any CPU.Build.0 = Debug|Any CPU
		{54FDC4AA-B26B-57B0-3E1E-43602B85AA27}.Release|Any CPU.ActiveCfg = Release|Any CPU
		{54FDC4AA-B26B-57B0-3E1E-43602B85AA27}.Release|Any CPU.Build.0 = Release|Any CPU
		{CBDE0901-71FE-D3E7-2D39-6B4134CD79BE}.Debug|Any CPU.ActiveCfg = Debug|Any CPU
		{CBDE0901-71FE-D3E7-2D39-6B4134CD79BE}.Debug|Any CPU.Build.0 = Debug|Any CPU
		{CBDE0901-71FE-D3E7-2D39-6B4134CD79BE}.Release|Any CPU.ActiveCfg = Release|Any CPU
		{CBDE0901-71FE-D3E7-2D39-6B4134CD79BE}.Release|Any CPU.Build.0 = Release|Any CPU
		{A7AADB4D-B61E-AE29-D9D1-DC0D03DB86E3}.Debug|Any CPU.ActiveCfg = Debug|Any CPU
		{A7AADB4D-B61E-AE29-D9D1-DC0D03DB86E3}.Debug|Any CPU.Build.0 = Debug|Any CPU
		{A7AADB4D-B61E-AE29-D9D1-DC0D03DB86E3}.Release|Any CPU.ActiveCfg = Release|Any CPU
		{A7AADB4D-B61E-AE29-D9D1-DC0D03DB86E3}.Release|Any CPU.Build.0 = Release|Any CPU
		{37ADCF70-7C0C-9ECF-7B71-29CC70E86A8D}.Debug|Any CPU.ActiveCfg = Debug|Any CPU
		{37ADCF70-7C0C-9ECF-7B71-29CC70E86A8D}.Debug|Any CPU.Build.0 = Debug|Any CPU
		{37ADCF70-7C0C-9ECF-7B71-29CC70E86A8D}.Release|Any CPU.ActiveCfg = Release|Any CPU
		{37ADCF70-7C0C-9ECF-7B71-29CC70E86A8D}.Release|Any CPU.Build.0 = Release|Any CPU
		{0EEA747A-FD5A-22DA-10B0-C84A82643928}.Debug|Any CPU.ActiveCfg = Debug|Any CPU
		{0EEA747A-FD5A-22DA-10B0-C84A82643928}.Debug|Any CPU.Build.0 = Debug|Any CPU
		{0EEA747A-FD5A-22DA-10B0-C84A82643928}.Release|Any CPU.ActiveCfg = Release|Any CPU
		{0EEA747A-FD5A-22DA-10B0-C84A82643928}.Release|Any CPU.Build.0 = Release|Any CPU
		{D8623662-CC4E-29B9-4114-6C3F44048F7A}.Debug|Any CPU.ActiveCfg = Debug|Any CPU
		{D8623662-CC4E-29B9-4114-6C3F44048F7A}.Debug|Any CPU.Build.0 = Debug|Any CPU
		{D8623662-CC4E-29B9-4114-6C3F44048F7A}.Release|Any CPU.ActiveCfg = Release|Any CPU
		{D8623662-CC4E-29B9-4114-6C3F44048F7A}.Release|Any CPU.Build.0 = Release|Any CPU
		{19F4D3A0-57EE-286A-4BBB-F851E0BF4081}.Debug|Any CPU.ActiveCfg = Debug|Any CPU
		{19F4D3A0-57EE-286A-4BBB-F851E0BF4081}.Debug|Any CPU.Build.0 = Debug|Any CPU
		{19F4D3A0-57EE-286A-4BBB-F851E0BF4081}.Release|Any CPU.ActiveCfg = Release|Any CPU
		{19F4D3A0-57EE-286A-4BBB-F851E0BF4081}.Release|Any CPU.Build.0 = Release|Any CPU
		{64273751-5FE4-ABF4-18CC-D9E86CB431E4}.Debug|Any CPU.ActiveCfg = Debug|Any CPU
		{64273751-5FE4-ABF4-18CC-D9E86CB431E4}.Debug|Any CPU.Build.0 = Debug|Any CPU
		{64273751-5FE4-ABF4-18CC-D9E86CB431E4}.Release|Any CPU.ActiveCfg = Release|Any CPU
		{64273751-5FE4-ABF4-18CC-D9E86CB431E4}.Release|Any CPU.Build.0 = Release|Any CPU
		{0AFF4ACC-F251-D99D-1B43-565B8832773E}.Debug|Any CPU.ActiveCfg = Debug|Any CPU
		{0AFF4ACC-F251-D99D-1B43-565B8832773E}.Debug|Any CPU.Build.0 = Debug|Any CPU
		{0AFF4ACC-F251-D99D-1B43-565B8832773E}.Release|Any CPU.ActiveCfg = Release|Any CPU
		{0AFF4ACC-F251-D99D-1B43-565B8832773E}.Release|Any CPU.Build.0 = Release|Any CPU
		{AFA7D30D-2AA1-704D-17F4-3C6F8199A7B0}.Debug|Any CPU.ActiveCfg = Debug|Any CPU
		{AFA7D30D-2AA1-704D-17F4-3C6F8199A7B0}.Debug|Any CPU.Build.0 = Debug|Any CPU
		{AFA7D30D-2AA1-704D-17F4-3C6F8199A7B0}.Release|Any CPU.ActiveCfg = Release|Any CPU
		{AFA7D30D-2AA1-704D-17F4-3C6F8199A7B0}.Release|Any CPU.Build.0 = Release|Any CPU
		{5C546E5E-C2F7-62FD-7097-474B6E992D69}.Debug|Any CPU.ActiveCfg = Debug|Any CPU
		{5C546E5E-C2F7-62FD-7097-474B6E992D69}.Debug|Any CPU.Build.0 = Debug|Any CPU
		{5C546E5E-C2F7-62FD-7097-474B6E992D69}.Release|Any CPU.ActiveCfg = Release|Any CPU
		{5C546E5E-C2F7-62FD-7097-474B6E992D69}.Release|Any CPU.Build.0 = Release|Any CPU
		{13608E85-2643-6282-CD81-D36BD9B917FA}.Debug|Any CPU.ActiveCfg = Debug|Any CPU
		{13608E85-2643-6282-CD81-D36BD9B917FA}.Debug|Any CPU.Build.0 = Debug|Any CPU
		{13608E85-2643-6282-CD81-D36BD9B917FA}.Release|Any CPU.ActiveCfg = Release|Any CPU
		{13608E85-2643-6282-CD81-D36BD9B917FA}.Release|Any CPU.Build.0 = Release|Any CPU
		{105B64B6-EA01-8EBF-4445-51D8C04CE306}.Debug|Any CPU.ActiveCfg = Debug|Any CPU
		{105B64B6-EA01-8EBF-4445-51D8C04CE306}.Debug|Any CPU.Build.0 = Debug|Any CPU
		{105B64B6-EA01-8EBF-4445-51D8C04CE306}.Release|Any CPU.ActiveCfg = Release|Any CPU
		{105B64B6-EA01-8EBF-4445-51D8C04CE306}.Release|Any CPU.Build.0 = Release|Any CPU
		{AC61C2ED-4F49-0A10-5FF0-E40679A26367}.Debug|Any CPU.ActiveCfg = Debug|Any CPU
		{AC61C2ED-4F49-0A10-5FF0-E40679A26367}.Debug|Any CPU.Build.0 = Debug|Any CPU
		{AC61C2ED-4F49-0A10-5FF0-E40679A26367}.Release|Any CPU.ActiveCfg = Release|Any CPU
		{AC61C2ED-4F49-0A10-5FF0-E40679A26367}.Release|Any CPU.Build.0 = Release|Any CPU
		{486F505C-3F19-EA64-4302-C28F2F35D342}.Debug|Any CPU.ActiveCfg = Debug|Any CPU
		{486F505C-3F19-EA64-4302-C28F2F35D342}.Debug|Any CPU.Build.0 = Debug|Any CPU
		{486F505C-3F19-EA64-4302-C28F2F35D342}.Release|Any CPU.ActiveCfg = Release|Any CPU
		{486F505C-3F19-EA64-4302-C28F2F35D342}.Release|Any CPU.Build.0 = Release|Any CPU
		{E1717BF2-57A5-1F5F-CC8C-45A9B81E6112}.Debug|Any CPU.ActiveCfg = Debug|Any CPU
		{E1717BF2-57A5-1F5F-CC8C-45A9B81E6112}.Debug|Any CPU.Build.0 = Debug|Any CPU
		{E1717BF2-57A5-1F5F-CC8C-45A9B81E6112}.Release|Any CPU.ActiveCfg = Release|Any CPU
		{E1717BF2-57A5-1F5F-CC8C-45A9B81E6112}.Release|Any CPU.Build.0 = Release|Any CPU
		{77CC9926-3DBF-0F5A-22B0-04D438441D91}.Debug|Any CPU.ActiveCfg = Debug|Any CPU
		{77CC9926-3DBF-0F5A-22B0-04D438441D91}.Debug|Any CPU.Build.0 = Debug|Any CPU
		{77CC9926-3DBF-0F5A-22B0-04D438441D91}.Release|Any CPU.ActiveCfg = Release|Any CPU
		{77CC9926-3DBF-0F5A-22B0-04D438441D91}.Release|Any CPU.Build.0 = Release|Any CPU
		{DB4E8E42-BF6B-811E-E4E7-A1DA92EFA1C9}.Debug|Any CPU.ActiveCfg = Debug|Any CPU
		{DB4E8E42-BF6B-811E-E4E7-A1DA92EFA1C9}.Debug|Any CPU.Build.0 = Debug|Any CPU
		{DB4E8E42-BF6B-811E-E4E7-A1DA92EFA1C9}.Release|Any CPU.ActiveCfg = Release|Any CPU
		{DB4E8E42-BF6B-811E-E4E7-A1DA92EFA1C9}.Release|Any CPU.Build.0 = Release|Any CPU
		{797F5652-66B5-B3DD-817A-82C173B608E9}.Debug|Any CPU.ActiveCfg = Debug|Any CPU
		{797F5652-66B5-B3DD-817A-82C173B608E9}.Debug|Any CPU.Build.0 = Debug|Any CPU
		{797F5652-66B5-B3DD-817A-82C173B608E9}.Release|Any CPU.ActiveCfg = Release|Any CPU
		{797F5652-66B5-B3DD-817A-82C173B608E9}.Release|Any CPU.Build.0 = Release|Any CPU
		{4782089B-F05C-8AFA-AD6F-9C781653466C}.Debug|Any CPU.ActiveCfg = Debug|Any CPU
		{4782089B-F05C-8AFA-AD6F-9C781653466C}.Debug|Any CPU.Build.0 = Debug|Any CPU
		{4782089B-F05C-8AFA-AD6F-9C781653466C}.Release|Any CPU.ActiveCfg = Release|Any CPU
		{4782089B-F05C-8AFA-AD6F-9C781653466C}.Release|Any CPU.Build.0 = Release|Any CPU
		{A74218C5-A0BB-F459-3FA7-D3D48E6FABE3}.Debug|Any CPU.ActiveCfg = Debug|Any CPU
		{A74218C5-A0BB-F459-3FA7-D3D48E6FABE3}.Debug|Any CPU.Build.0 = Debug|Any CPU
		{A74218C5-A0BB-F459-3FA7-D3D48E6FABE3}.Release|Any CPU.ActiveCfg = Release|Any CPU
		{A74218C5-A0BB-F459-3FA7-D3D48E6FABE3}.Release|Any CPU.Build.0 = Release|Any CPU
		{0A6BBF0A-813F-7069-344D-B944350668CB}.Debug|Any CPU.ActiveCfg = Debug|Any CPU
		{0A6BBF0A-813F-7069-344D-B944350668CB}.Debug|Any CPU.Build.0 = Debug|Any CPU
		{0A6BBF0A-813F-7069-344D-B944350668CB}.Release|Any CPU.ActiveCfg = Release|Any CPU
		{0A6BBF0A-813F-7069-344D-B944350668CB}.Release|Any CPU.Build.0 = Release|Any CPU
		{807D1538-5294-9368-242B-0550D8B77E1A}.Debug|Any CPU.ActiveCfg = Debug|Any CPU
		{807D1538-5294-9368-242B-0550D8B77E1A}.Debug|Any CPU.Build.0 = Debug|Any CPU
		{807D1538-5294-9368-242B-0550D8B77E1A}.Release|Any CPU.ActiveCfg = Release|Any CPU
		{807D1538-5294-9368-242B-0550D8B77E1A}.Release|Any CPU.Build.0 = Release|Any CPU
	EndGlobalSection
	GlobalSection(SolutionProperties) = preSolution
		HideSolutionNode = FALSE
	EndGlobalSection
EndGlobal
