
Microsoft Visual Studio Solution File, Format Version 12.00
# Visual Studio 15
Project("{FAE04EC0-301F-11D3-BF4B-00C04F79EFBC}") = "Unity.Timeline", "Unity.Timeline.csproj", "{4C2DE412-8EB8-60D6-DC9E-A79D79476CA1}"
EndProject
Project("{FAE04EC0-301F-11D3-BF4B-00C04F79EFBC}") = "Assembly-CSharp", "Assembly-CSharp.csproj", "{9A626C0E-F888-CF15-4EB2-9149C90A9CB0}"
EndProject
Project("{FAE04EC0-301F-11D3-BF4B-00C04F79EFBC}") = "Unity.Timeline.Editor", "Unity.Timeline.Editor.csproj", "{023452DB-049E-DFC7-DDD3-0E180D50B876}"
EndProject
Project("{FAE04EC0-301F-11D3-BF4B-00C04F79EFBC}") = "Unity.2D.Tilemap.Editor", "Unity.2D.Tilemap.Editor.csproj", "{66C008C3-FB06-441A-8A23-A2AE71291128}"
EndProject
Project("{FAE04EC0-301F-11D3-BF4B-00C04F79EFBC}") = "Unity.TextMeshPro.Editor", "Unity.TextMeshPro.Editor.csproj", "{BC1A271B-CBDA-978E-0862-92C15A094374}"
EndProject
Project("{FAE04EC0-301F-11D3-BF4B-00C04F79EFBC}") = "Unity.2D.Aseprite.Editor", "Unity.2D.Aseprite.Editor.csproj", "{8A977421-3031-B6EB-4AD7-B85F281EDA0F}"
EndProject
Project("{FAE04EC0-301F-11D3-BF4B-00C04F79EFBC}") = "UnityEditor.UI", "UnityEditor.UI.csproj", "{3FE5D63C-0F19-77C0-2F82-D33E84FFBD33}"
EndProject
Project("{FAE04EC0-301F-11D3-BF4B-00C04F79EFBC}") = "Unity.PlasticSCM.Editor", "Unity.PlasticSCM.Editor.csproj", "{6CE74E46-667D-875B-36D8-745CB95683E9}"
EndProject
Project("{FAE04EC0-301F-11D3-BF4B-00C04F79EFBC}") = "Unity.2D.Psdimporter.Editor", "Unity.2D.Psdimporter.Editor.csproj", "{A2944362-CDA1-F0C9-7B98-1F3B6764850B}"
EndProject
Project("{FAE04EC0-301F-11D3-BF4B-00C04F79EFBC}") = "Unity.InputSystem", "Unity.InputSystem.csproj", "{E9DB2732-8F34-6FFC-9A60-1325113F8B2A}"
EndProject
Project("{FAE04EC0-301F-11D3-BF4B-00C04F79EFBC}") = "Unity.Mathematics", "Unity.Mathematics.csproj", "{D15A2DAE-29EB-2B37-B1F8-FC97B4A41F78}"
EndProject
Project("{FAE04EC0-301F-11D3-BF4B-00C04F79EFBC}") = "Unity.2D.Animation.Editor", "Unity.2D.Animation.Editor.csproj", "{41CD1D5B-9F08-4B99-CF7E-A728CE8082D6}"
EndProject
Project("{FAE04EC0-301F-11D3-BF4B-00C04F79EFBC}") = "Unity.2D.Common.Path.Editor", "Unity.2D.Common.Path.Editor.csproj", "{208CA6B8-2C11-432D-A808-4B3196E93FA3}"
EndProject
Project("{FAE04EC0-301F-11D3-BF4B-00C04F79EFBC}") = "Unity.2D.IK.Runtime", "Unity.2D.IK.Runtime.csproj", "{BECCCBCF-22BC-9BC2-E4EE-FA52447F8051}"
EndProject
Project("{FAE04EC0-301F-11D3-BF4B-00C04F79EFBC}") = "UnityEditor.TestRunner", "UnityEditor.TestRunner.csproj", "{A8AE6789-FB02-4D0E-C6DB-EC68AF92A5A9}"
EndProject
Project("{FAE04EC0-301F-11D3-BF4B-00C04F79EFBC}") = "UnityEngine.TestRunner", "UnityEngine.TestRunner.csproj", "{37023EEE-B746-07F3-AC61-F64651EC0D82}"
EndProject
Project("{FAE04EC0-301F-11D3-BF4B-00C04F79EFBC}") = "PsdPlugin", "PsdPlugin.csproj", "{DECBF1FD-27A0-D0A8-EB6A-2DD421A59151}"
EndProject
Project("{FAE04EC0-301F-11D3-BF4B-00C04F79EFBC}") = "Ink-Libraries", "Ink-Libraries.csproj", "{506B5903-544D-CDA9-B07C-AF318677DFB7}"
EndProject
Project("{FAE04EC0-301F-11D3-BF4B-00C04F79EFBC}") = "Unity.Burst", "Unity.Burst.csproj", "{97B78A5B-13D8-86C0-A2A5-A3D2EEB61F6E}"
EndProject
Project("{FAE04EC0-301F-11D3-BF4B-00C04F79EFBC}") = "UnityEngine.UI", "UnityEngine.UI.csproj", "{CBF561E8-3AC0-2AA1-1465-E58DA90A1A97}"
EndProject
Project("{FAE04EC0-301F-11D3-BF4B-00C04F79EFBC}") = "Unity.2D.SpriteShape.Editor", "Unity.2D.SpriteShape.Editor.csproj", "{CA03E688-5E88-4059-22C9-68E297E08B53}"
EndProject
Project("{FAE04EC0-301F-11D3-BF4B-00C04F79EFBC}") = "Unity.Collections", "Unity.Collections.csproj", "{7A372873-719B-BD03-8155-4F4CDD34C62E}"
EndProject
Project("{FAE04EC0-301F-11D3-BF4B-00C04F79EFBC}") = "Unity.VisualStudio.Editor", "Unity.VisualStudio.Editor.csproj", "{C65EDCBC-AAB8-3847-7152-FF23FFB92A6E}"
EndProject
Project("{FAE04EC0-301F-11D3-BF4B-00C04F79EFBC}") = "Unity.2D.Tilemap.Extras.Editor", "Unity.2D.Tilemap.Extras.Editor.csproj", "{EAEFCC9E-C411-513C-4E03-E8CF05697396}"
EndProject
Project("{FAE04EC0-301F-11D3-BF4B-00C04F79EFBC}") = "Unity.Rider.Editor", "Unity.Rider.Editor.csproj", "{3A6D7C6C-D66B-A6D5-B89D-E01B6A797E51}"
EndProject
Project("{FAE04EC0-301F-11D3-BF4B-00C04F79EFBC}") = "Unity.InternalAPIEditorBridge.001", "Unity.InternalAPIEditorBridge.001.csproj", "{9C32263E-D5E9-18A9-50E2-3BDB722275A1}"
EndProject
Project("{FAE04EC0-301F-11D3-BF4B-00C04F79EFBC}") = "Unity.2D.SpriteShape.Runtime", "Unity.2D.SpriteShape.Runtime.csproj", "{0D7C06A6-C48B-95D3-5DB4-1B14218BE732}"
EndProject
Project("{FAE04EC0-301F-11D3-BF4B-00C04F79EFBC}") = "Unity.2D.Animation.Runtime", "Unity.2D.Animation.Runtime.csproj", "{9941AB95-337C-35CF-AE15-E956F798C66C}"
EndProject
Project("{FAE04EC0-301F-11D3-BF4B-00C04F79EFBC}") = "Unity.Burst.CodeGen", "Unity.Burst.CodeGen.csproj", "{90D9033C-2C62-4852-4EC8-68F5D2F49BF7}"
EndProject
Project("{FAE04EC0-301F-11D3-BF4B-00C04F79EFBC}") = "Unity.2D.Tilemap.Extras", "Unity.2D.Tilemap.Extras.csproj", "{0D9A9639-7B02-2A11-0F6F-22BAB26F8816}"
EndProject
Project("{FAE04EC0-301F-11D3-BF4B-00C04F79EFBC}") = "Unity.TextMeshPro", "Unity.TextMeshPro.csproj", "{38DB5E1F-6086-A2D5-4F92-89AE4E2ADE45}"
EndProject
Project("{FAE04EC0-301F-11D3-BF4B-00C04F79EFBC}") = "InkEditor", "InkEditor.csproj", "{8694B281-AF1C-0511-024A-7DD901F42A9E}"
EndProject
Project("{FAE04EC0-301F-11D3-BF4B-00C04F79EFBC}") = "Unity.2D.Aseprite.Common", "Unity.2D.Aseprite.Common.csproj", "{7F5FED99-00AA-8AFF-2C8E-FC1BEC7CBA80}"
EndProject
Project("{FAE04EC0-301F-11D3-BF4B-00C04F79EFBC}") = "Unity.VSCode.Editor", "Unity.VSCode.Editor.csproj", "{34B10252-25D3-22FD-3B4A-C1E82CCE78E0}"
EndProject
Project("{FAE04EC0-301F-11D3-BF4B-00C04F79EFBC}") = "Unity.2D.IK.Editor", "Unity.2D.IK.Editor.csproj", "{4A977E31-F569-BFE7-A302-7543879AE38F}"
EndProject
Project("{FAE04EC0-301F-11D3-BF4B-00C04F79EFBC}") = "Unity.InternalAPIEngineBridge.001", "Unity.InternalAPIEngineBridge.001.csproj", "{8AAB0DC2-37E5-073B-3DBE-9BDEF02EFA0F}"
EndProject
Project("{FAE04EC0-301F-11D3-BF4B-00C04F79EFBC}") = "Unity.Burst.Editor", "Unity.Burst.Editor.csproj", "{78D99118-3E81-67F1-275F-62FEADE31665}"
EndProject
Project("{FAE04EC0-301F-11D3-BF4B-00C04F79EFBC}") = "Unity.2D.Common.Editor", "Unity.2D.Common.Editor.csproj", "{8C5A6D6B-4B23-0CE9-55BE-A07D253935CB}"
EndProject
Project("{FAE04EC0-301F-11D3-BF4B-00C04F79EFBC}") = "Assembly-CSharp-Editor", "Assembly-CSharp-Editor.csproj", "{1112C466-6875-9948-0C41-0A6164862A54}"
EndProject
Project("{FAE04EC0-301F-11D3-BF4B-00C04F79EFBC}") = "Unity.2D.Sprite.Editor", "Unity.2D.Sprite.Editor.csproj", "{EB191DFE-8250-9039-8AB5-C2DABE532F9F}"
EndProject
Project("{FAE04EC0-301F-11D3-BF4B-00C04F79EFBC}") = "Unity.2D.PixelPerfect", "Unity.2D.PixelPerfect.csproj", "{4A0502E7-14D9-63E3-8651-782F3E391924}"
EndProject
Project("{FAE04EC0-301F-11D3-BF4B-00C04F79EFBC}") = "Unity.2D.PixelPerfect.Editor", "Unity.2D.PixelPerfect.Editor.csproj", "{4A24E4DE-6AD3-1177-1C74-E0A84F96A8D3}"
EndProject
Project("{FAE04EC0-301F-11D3-BF4B-00C04F79EFBC}") = "Unity.2D.Common.Runtime", "Unity.2D.Common.Runtime.csproj", "{EB243CB2-8A89-1DA5-E64C-C161402CA0C7}"
EndProject
Project("{FAE04EC0-301F-11D3-BF4B-00C04F79EFBC}") = "Unity.InputSystem.ForUI", "Unity.InputSystem.ForUI.csproj", "{BAB7579A-D755-027F-F8B5-5B7B3D5424B1}"
EndProject
Project("{FAE04EC0-301F-11D3-BF4B-00C04F79EFBC}") = "Unity.Mathematics.Editor", "Unity.Mathematics.Editor.csproj", "{AC710297-D06D-D592-FFA1-09E23F48A28D}"
EndProject
Project("{FAE04EC0-301F-11D3-BF4B-00C04F79EFBC}") = "Unity.InputSystem.TestFramework", "Unity.InputSystem.TestFramework.csproj", "{695A40FF-4FDE-9F0D-8ED6-6BE26EA337FC}"
EndProject
Project("{FAE04EC0-301F-11D3-BF4B-00C04F79EFBC}") = "Unity.Collections.BurstCompatibilityGen", "Unity.Collections.BurstCompatibilityGen.csproj", "{537495FF-B2F1-4CDC-0933-8C628383D775}"
EndProject
Project("{FAE04EC0-301F-11D3-BF4B-00C04F79EFBC}") = "Unity.InternalAPIEditorBridge.005", "Unity.InternalAPIEditorBridge.005.csproj", "{9C703F4B-2E7A-9189-5F66-5F6C043723F7}"
EndProject
Project("{FAE04EC0-301F-11D3-BF4B-00C04F79EFBC}") = "Unity.Collections.DocCodeSamples", "Unity.Collections.DocCodeSamples.csproj", "{7BB0E135-24B2-7A09-54F9-168CB870E091}"
EndProject
Project("{FAE04EC0-301F-11D3-BF4B-00C04F79EFBC}") = "Unity.CollabProxy.Editor", "Unity.CollabProxy.Editor.csproj", "{AE196F91-8402-55FD-36C3-2E024F8F52CE}"
EndProject
Project("{FAE04EC0-301F-11D3-BF4B-00C04F79EFBC}") = "Unity.Timeline", "Unity.Timeline.Player.csproj", "{01639C9B-0B92-B702-ACFB-3D8CD6915454}"
EndProject
Project("{FAE04EC0-301F-11D3-BF4B-00C04F79EFBC}") = "Assembly-CSharp", "Assembly-CSharp.Player.csproj", "{60AF5AA8-DC83-91E1-D493-B53C1BE3C729}"
EndProject
Project("{FAE04EC0-301F-11D3-BF4B-00C04F79EFBC}") = "Unity.InputSystem", "Unity.InputSystem.Player.csproj", "{2FE0BC4D-8369-2130-21BA-5ABFAEB50969}"
EndProject
Project("{FAE04EC0-301F-11D3-BF4B-00C04F79EFBC}") = "Unity.Mathematics", "Unity.Mathematics.Player.csproj", "{8C8D33C5-4D81-F716-6E7F-DCF535C17334}"
EndProject
Project("{FAE04EC0-301F-11D3-BF4B-00C04F79EFBC}") = "Unity.2D.IK.Runtime", "Unity.2D.IK.Runtime.Player.csproj", "{BCDE2B05-AB45-4D74-911A-6C65B9269EA1}"
EndProject
Project("{FAE04EC0-301F-11D3-BF4B-00C04F79EFBC}") = "UnityEngine.TestRunner", "UnityEngine.TestRunner.Player.csproj", "{414CE1AA-2F02-E1D0-DA05-990848FE96FC}"
EndProject
Project("{FAE04EC0-301F-11D3-BF4B-00C04F79EFBC}") = "Ink-Libraries", "Ink-Libraries.Player.csproj", "{1A2138F6-658A-3716-FEC9-44AD976D1082}"
EndProject
Project("{FAE04EC0-301F-11D3-BF4B-00C04F79EFBC}") = "Unity.Burst", "Unity.Burst.Player.csproj", "{A67C23CD-F80D-91E4-6A2C-2978AE169B9B}"
EndProject
Project("{FAE04EC0-301F-11D3-BF4B-00C04F79EFBC}") = "UnityEngine.UI", "UnityEngine.UI.Player.csproj", "{7D71C801-B995-685F-C4E6-8F1F331D982B}"
EndProject
Project("{FAE04EC0-301F-11D3-BF4B-00C04F79EFBC}") = "Unity.Collections", "Unity.Collections.Player.csproj", "{F37CDB86-720A-3AE0-3740-8A81C0154670}"
EndProject
Project("{FAE04EC0-301F-11D3-BF4B-00C04F79EFBC}") = "Unity.2D.SpriteShape.Runtime", "Unity.2D.SpriteShape.Runtime.Player.csproj", "{0ABBFEDB-88F7-1DEC-AB5C-5C0B65A0F56D}"
EndProject
Project("{FAE04EC0-301F-11D3-BF4B-00C04F79EFBC}") = "Unity.2D.Animation.Runtime", "Unity.2D.Animation.Runtime.Player.csproj", "{3974C3A2-0CDF-FBBD-FDBA-447DB9C583E2}"
EndProject
Project("{FAE04EC0-301F-11D3-BF4B-00C04F79EFBC}") = "Unity.2D.Tilemap.Extras", "Unity.2D.Tilemap.Extras.Player.csproj", "{3A6D6224-183B-BA53-A6CA-F10221E5935D}"
EndProject
Project("{FAE04EC0-301F-11D3-BF4B-00C04F79EFBC}") = "Unity.TextMeshPro", "Unity.TextMeshPro.Player.csproj", "{F4642485-47D9-D940-BFF9-365B52026974}"
EndProject
Project("{FAE04EC0-301F-11D3-BF4B-00C04F79EFBC}") = "Unity.InternalAPIEngineBridge.001", "Unity.InternalAPIEngineBridge.001.Player.csproj", "{C4FB27FB-C824-7361-BB0E-9879CE0C217A}"
EndProject
Project("{FAE04EC0-301F-11D3-BF4B-00C04F79EFBC}") = "Unity.2D.PixelPerfect", "Unity.2D.PixelPerfect.Player.csproj", "{433E08AC-7408-8BC3-5884-FB32953A6E4A}"
EndProject
Project("{FAE04EC0-301F-11D3-BF4B-00C04F79EFBC}") = "Unity.2D.Common.Runtime", "Unity.2D.Common.Runtime.Player.csproj", "{51FAA226-C955-5014-F4C2-47DE829F5BE9}"
EndProject
Project("{FAE04EC0-301F-11D3-BF4B-00C04F79EFBC}") = "Unity.InputSystem.ForUI", "Unity.InputSystem.ForUI.Player.csproj", "{A0CE2206-FC35-A0E8-9DD2-CB70AEC9FD37}"
EndProject
Project("{FAE04EC0-301F-11D3-BF4B-00C04F79EFBC}") = "Unity.InputSystem.TestFramework", "Unity.InputSystem.TestFramework.Player.csproj", "{F15D9D84-8716-205F-D8BE-8F3BC977BCDC}"
EndProject
Global
	GlobalSection(SolutionConfigurationPlatforms) = preSolution
		Debug|Any CPU = Debug|Any CPU
		Release|Any CPU = Release|Any CPU
	EndGlobalSection
	GlobalSection(ProjectConfigurationPlatforms) = postSolution
		{4C2DE412-8EB8-60D6-DC9E-A79D79476CA1}.Debug|Any CPU.ActiveCfg = Debug|Any CPU
		{4C2DE412-8EB8-60D6-DC9E-A79D79476CA1}.Debug|Any CPU.Build.0 = Debug|Any CPU
		{4C2DE412-8EB8-60D6-DC9E-A79D79476CA1}.Release|Any CPU.ActiveCfg = Release|Any CPU
		{4C2DE412-8EB8-60D6-DC9E-A79D79476CA1}.Release|Any CPU.Build.0 = Release|Any CPU
		{9A626C0E-F888-CF15-4EB2-9149C90A9CB0}.Debug|Any CPU.ActiveCfg = Debug|Any CPU
		{9A626C0E-F888-CF15-4EB2-9149C90A9CB0}.Debug|Any CPU.Build.0 = Debug|Any CPU
		{9A626C0E-F888-CF15-4EB2-9149C90A9CB0}.Release|Any CPU.ActiveCfg = Release|Any CPU
		{9A626C0E-F888-CF15-4EB2-9149C90A9CB0}.Release|Any CPU.Build.0 = Release|Any CPU
		{023452DB-049E-DFC7-DDD3-0E180D50B876}.Debug|Any CPU.ActiveCfg = Debug|Any CPU
		{023452DB-049E-DFC7-DDD3-0E180D50B876}.Debug|Any CPU.Build.0 = Debug|Any CPU
		{023452DB-049E-DFC7-DDD3-0E180D50B876}.Release|Any CPU.ActiveCfg = Release|Any CPU
		{023452DB-049E-DFC7-DDD3-0E180D50B876}.Release|Any CPU.Build.0 = Release|Any CPU
		{66C008C3-FB06-441A-8A23-A2AE71291128}.Debug|Any CPU.ActiveCfg = Debug|Any CPU
		{66C008C3-FB06-441A-8A23-A2AE71291128}.Debug|Any CPU.Build.0 = Debug|Any CPU
		{66C008C3-FB06-441A-8A23-A2AE71291128}.Release|Any CPU.ActiveCfg = Release|Any CPU
		{66C008C3-FB06-441A-8A23-A2AE71291128}.Release|Any CPU.Build.0 = Release|Any CPU
		{BC1A271B-CBDA-978E-0862-92C15A094374}.Debug|Any CPU.ActiveCfg = Debug|Any CPU
		{BC1A271B-CBDA-978E-0862-92C15A094374}.Debug|Any CPU.Build.0 = Debug|Any CPU
		{BC1A271B-CBDA-978E-0862-92C15A094374}.Release|Any CPU.ActiveCfg = Release|Any CPU
		{BC1A271B-CBDA-978E-0862-92C15A094374}.Release|Any CPU.Build.0 = Release|Any CPU
		{8A977421-3031-B6EB-4AD7-B85F281EDA0F}.Debug|Any CPU.ActiveCfg = Debug|Any CPU
		{8A977421-3031-B6EB-4AD7-B85F281EDA0F}.Debug|Any CPU.Build.0 = Debug|Any CPU
		{8A977421-3031-B6EB-4AD7-B85F281EDA0F}.Release|Any CPU.ActiveCfg = Release|Any CPU
		{8A977421-3031-B6EB-4AD7-B85F281EDA0F}.Release|Any CPU.Build.0 = Release|Any CPU
		{3FE5D63C-0F19-77C0-2F82-D33E84FFBD33}.Debug|Any CPU.ActiveCfg = Debug|Any CPU
		{3FE5D63C-0F19-77C0-2F82-D33E84FFBD33}.Debug|Any CPU.Build.0 = Debug|Any CPU
		{3FE5D63C-0F19-77C0-2F82-D33E84FFBD33}.Release|Any CPU.ActiveCfg = Release|Any CPU
		{3FE5D63C-0F19-77C0-2F82-D33E84FFBD33}.Release|Any CPU.Build.0 = Release|Any CPU
		{6CE74E46-667D-875B-36D8-745CB95683E9}.Debug|Any CPU.ActiveCfg = Debug|Any CPU
		{6CE74E46-667D-875B-36D8-745CB95683E9}.Debug|Any CPU.Build.0 = Debug|Any CPU
		{6CE74E46-667D-875B-36D8-745CB95683E9}.Release|Any CPU.ActiveCfg = Release|Any CPU
		{6CE74E46-667D-875B-36D8-745CB95683E9}.Release|Any CPU.Build.0 = Release|Any CPU
		{A2944362-CDA1-F0C9-7B98-1F3B6764850B}.Debug|Any CPU.ActiveCfg = Debug|Any CPU
		{A2944362-CDA1-F0C9-7B98-1F3B6764850B}.Debug|Any CPU.Build.0 = Debug|Any CPU
		{A2944362-CDA1-F0C9-7B98-1F3B6764850B}.Release|Any CPU.ActiveCfg = Release|Any CPU
		{A2944362-CDA1-F0C9-7B98-1F3B6764850B}.Release|Any CPU.Build.0 = Release|Any CPU
		{E9DB2732-8F34-6FFC-9A60-1325113F8B2A}.Debug|Any CPU.ActiveCfg = Debug|Any CPU
		{E9DB2732-8F34-6FFC-9A60-1325113F8B2A}.Debug|Any CPU.Build.0 = Debug|Any CPU
		{E9DB2732-8F34-6FFC-9A60-1325113F8B2A}.Release|Any CPU.ActiveCfg = Release|Any CPU
		{E9DB2732-8F34-6FFC-9A60-1325113F8B2A}.Release|Any CPU.Build.0 = Release|Any CPU
		{D15A2DAE-29EB-2B37-B1F8-FC97B4A41F78}.Debug|Any CPU.ActiveCfg = Debug|Any CPU
		{D15A2DAE-29EB-2B37-B1F8-FC97B4A41F78}.Debug|Any CPU.Build.0 = Debug|Any CPU
		{D15A2DAE-29EB-2B37-B1F8-FC97B4A41F78}.Release|Any CPU.ActiveCfg = Release|Any CPU
		{D15A2DAE-29EB-2B37-B1F8-FC97B4A41F78}.Release|Any CPU.Build.0 = Release|Any CPU
		{41CD1D5B-9F08-4B99-CF7E-A728CE8082D6}.Debug|Any CPU.ActiveCfg = Debug|Any CPU
		{41CD1D5B-9F08-4B99-CF7E-A728CE8082D6}.Debug|Any CPU.Build.0 = Debug|Any CPU
		{41CD1D5B-9F08-4B99-CF7E-A728CE8082D6}.Release|Any CPU.ActiveCfg = Release|Any CPU
		{41CD1D5B-9F08-4B99-CF7E-A728CE8082D6}.Release|Any CPU.Build.0 = Release|Any CPU
		{208CA6B8-2C11-432D-A808-4B3196E93FA3}.Debug|Any CPU.ActiveCfg = Debug|Any CPU
		{208CA6B8-2C11-432D-A808-4B3196E93FA3}.Debug|Any CPU.Build.0 = Debug|Any CPU
		{208CA6B8-2C11-432D-A808-4B3196E93FA3}.Release|Any CPU.ActiveCfg = Release|Any CPU
		{208CA6B8-2C11-432D-A808-4B3196E93FA3}.Release|Any CPU.Build.0 = Release|Any CPU
		{BECCCBCF-22BC-9BC2-E4EE-FA52447F8051}.Debug|Any CPU.ActiveCfg = Debug|Any CPU
		{BECCCBCF-22BC-9BC2-E4EE-FA52447F8051}.Debug|Any CPU.Build.0 = Debug|Any CPU
		{BECCCBCF-22BC-9BC2-E4EE-FA52447F8051}.Release|Any CPU.ActiveCfg = Release|Any CPU
		{BECCCBCF-22BC-9BC2-E4EE-FA52447F8051}.Release|Any CPU.Build.0 = Release|Any CPU
		{A8AE6789-FB02-4D0E-C6DB-EC68AF92A5A9}.Debug|Any CPU.ActiveCfg = Debug|Any CPU
		{A8AE6789-FB02-4D0E-C6DB-EC68AF92A5A9}.Debug|Any CPU.Build.0 = Debug|Any CPU
		{A8AE6789-FB02-4D0E-C6DB-EC68AF92A5A9}.Release|Any CPU.ActiveCfg = Release|Any CPU
		{A8AE6789-FB02-4D0E-C6DB-EC68AF92A5A9}.Release|Any CPU.Build.0 = Release|Any CPU
		{37023EEE-B746-07F3-AC61-F64651EC0D82}.Debug|Any CPU.ActiveCfg = Debug|Any CPU
		{37023EEE-B746-07F3-AC61-F64651EC0D82}.Debug|Any CPU.Build.0 = Debug|Any CPU
		{37023EEE-B746-07F3-AC61-F64651EC0D82}.Release|Any CPU.ActiveCfg = Release|Any CPU
		{37023EEE-B746-07F3-AC61-F64651EC0D82}.Release|Any CPU.Build.0 = Release|Any CPU
		{DECBF1FD-27A0-D0A8-EB6A-2DD421A59151}.Debug|Any CPU.ActiveCfg = Debug|Any CPU
		{DECBF1FD-27A0-D0A8-EB6A-2DD421A59151}.Debug|Any CPU.Build.0 = Debug|Any CPU
		{DECBF1FD-27A0-D0A8-EB6A-2DD421A59151}.Release|Any CPU.ActiveCfg = Release|Any CPU
		{DECBF1FD-27A0-D0A8-EB6A-2DD421A59151}.Release|Any CPU.Build.0 = Release|Any CPU
		{506B5903-544D-CDA9-B07C-AF318677DFB7}.Debug|Any CPU.ActiveCfg = Debug|Any CPU
		{506B5903-544D-CDA9-B07C-AF318677DFB7}.Debug|Any CPU.Build.0 = Debug|Any CPU
		{506B5903-544D-CDA9-B07C-AF318677DFB7}.Release|Any CPU.ActiveCfg = Release|Any CPU
		{506B5903-544D-CDA9-B07C-AF318677DFB7}.Release|Any CPU.Build.0 = Release|Any CPU
		{97B78A5B-13D8-86C0-A2A5-A3D2EEB61F6E}.Debug|Any CPU.ActiveCfg = Debug|Any CPU
		{97B78A5B-13D8-86C0-A2A5-A3D2EEB61F6E}.Debug|Any CPU.Build.0 = Debug|Any CPU
		{97B78A5B-13D8-86C0-A2A5-A3D2EEB61F6E}.Release|Any CPU.ActiveCfg = Release|Any CPU
		{97B78A5B-13D8-86C0-A2A5-A3D2EEB61F6E}.Release|Any CPU.Build.0 = Release|Any CPU
		{CBF561E8-3AC0-2AA1-1465-E58DA90A1A97}.Debug|Any CPU.ActiveCfg = Debug|Any CPU
		{CBF561E8-3AC0-2AA1-1465-E58DA90A1A97}.Debug|Any CPU.Build.0 = Debug|Any CPU
		{CBF561E8-3AC0-2AA1-1465-E58DA90A1A97}.Release|Any CPU.ActiveCfg = Release|Any CPU
		{CBF561E8-3AC0-2AA1-1465-E58DA90A1A97}.Release|Any CPU.Build.0 = Release|Any CPU
		{CA03E688-5E88-4059-22C9-68E297E08B53}.Debug|Any CPU.ActiveCfg = Debug|Any CPU
		{CA03E688-5E88-4059-22C9-68E297E08B53}.Debug|Any CPU.Build.0 = Debug|Any CPU
		{CA03E688-5E88-4059-22C9-68E297E08B53}.Release|Any CPU.ActiveCfg = Release|Any CPU
		{CA03E688-5E88-4059-22C9-68E297E08B53}.Release|Any CPU.Build.0 = Release|Any CPU
		{7A372873-719B-BD03-8155-4F4CDD34C62E}.Debug|Any CPU.ActiveCfg = Debug|Any CPU
		{7A372873-719B-BD03-8155-4F4CDD34C62E}.Debug|Any CPU.Build.0 = Debug|Any CPU
		{7A372873-719B-BD03-8155-4F4CDD34C62E}.Release|Any CPU.ActiveCfg = Release|Any CPU
		{7A372873-719B-BD03-8155-4F4CDD34C62E}.Release|Any CPU.Build.0 = Release|Any CPU
		{C65EDCBC-AAB8-3847-7152-FF23FFB92A6E}.Debug|Any CPU.ActiveCfg = Debug|Any CPU
		{C65EDCBC-AAB8-3847-7152-FF23FFB92A6E}.Debug|Any CPU.Build.0 = Debug|Any CPU
		{C65EDCBC-AAB8-3847-7152-FF23FFB92A6E}.Release|Any CPU.ActiveCfg = Release|Any CPU
		{C65EDCBC-AAB8-3847-7152-FF23FFB92A6E}.Release|Any CPU.Build.0 = Release|Any CPU
		{EAEFCC9E-C411-513C-4E03-E8CF05697396}.Debug|Any CPU.ActiveCfg = Debug|Any CPU
		{EAEFCC9E-C411-513C-4E03-E8CF05697396}.Debug|Any CPU.Build.0 = Debug|Any CPU
		{EAEFCC9E-C411-513C-4E03-E8CF05697396}.Release|Any CPU.ActiveCfg = Release|Any CPU
		{EAEFCC9E-C411-513C-4E03-E8CF05697396}.Release|Any CPU.Build.0 = Release|Any CPU
		{3A6D7C6C-D66B-A6D5-B89D-E01B6A797E51}.Debug|Any CPU.ActiveCfg = Debug|Any CPU
		{3A6D7C6C-D66B-A6D5-B89D-E01B6A797E51}.Debug|Any CPU.Build.0 = Debug|Any CPU
		{3A6D7C6C-D66B-A6D5-B89D-E01B6A797E51}.Release|Any CPU.ActiveCfg = Release|Any CPU
		{3A6D7C6C-D66B-A6D5-B89D-E01B6A797E51}.Release|Any CPU.Build.0 = Release|Any CPU
		{9C32263E-D5E9-18A9-50E2-3BDB722275A1}.Debug|Any CPU.ActiveCfg = Debug|Any CPU
		{9C32263E-D5E9-18A9-50E2-3BDB722275A1}.Debug|Any CPU.Build.0 = Debug|Any CPU
		{9C32263E-D5E9-18A9-50E2-3BDB722275A1}.Release|Any CPU.ActiveCfg = Release|Any CPU
		{9C32263E-D5E9-18A9-50E2-3BDB722275A1}.Release|Any CPU.Build.0 = Release|Any CPU
		{0D7C06A6-C48B-95D3-5DB4-1B14218BE732}.Debug|Any CPU.ActiveCfg = Debug|Any CPU
		{0D7C06A6-C48B-95D3-5DB4-1B14218BE732}.Debug|Any CPU.Build.0 = Debug|Any CPU
		{0D7C06A6-C48B-95D3-5DB4-1B14218BE732}.Release|Any CPU.ActiveCfg = Release|Any CPU
		{0D7C06A6-C48B-95D3-5DB4-1B14218BE732}.Release|Any CPU.Build.0 = Release|Any CPU
		{9941AB95-337C-35CF-AE15-E956F798C66C}.Debug|Any CPU.ActiveCfg = Debug|Any CPU
		{9941AB95-337C-35CF-AE15-E956F798C66C}.Debug|Any CPU.Build.0 = Debug|Any CPU
		{9941AB95-337C-35CF-AE15-E956F798C66C}.Release|Any CPU.ActiveCfg = Release|Any CPU
		{9941AB95-337C-35CF-AE15-E956F798C66C}.Release|Any CPU.Build.0 = Release|Any CPU
		{90D9033C-2C62-4852-4EC8-68F5D2F49BF7}.Debug|Any CPU.ActiveCfg = Debug|Any CPU
		{90D9033C-2C62-4852-4EC8-68F5D2F49BF7}.Debug|Any CPU.Build.0 = Debug|Any CPU
		{90D9033C-2C62-4852-4EC8-68F5D2F49BF7}.Release|Any CPU.ActiveCfg = Release|Any CPU
		{90D9033C-2C62-4852-4EC8-68F5D2F49BF7}.Release|Any CPU.Build.0 = Release|Any CPU
		{0D9A9639-7B02-2A11-0F6F-22BAB26F8816}.Debug|Any CPU.ActiveCfg = Debug|Any CPU
		{0D9A9639-7B02-2A11-0F6F-22BAB26F8816}.Debug|Any CPU.Build.0 = Debug|Any CPU
		{0D9A9639-7B02-2A11-0F6F-22BAB26F8816}.Release|Any CPU.ActiveCfg = Release|Any CPU
		{0D9A9639-7B02-2A11-0F6F-22BAB26F8816}.Release|Any CPU.Build.0 = Release|Any CPU
		{38DB5E1F-6086-A2D5-4F92-89AE4E2ADE45}.Debug|Any CPU.ActiveCfg = Debug|Any CPU
		{38DB5E1F-6086-A2D5-4F92-89AE4E2ADE45}.Debug|Any CPU.Build.0 = Debug|Any CPU
		{38DB5E1F-6086-A2D5-4F92-89AE4E2ADE45}.Release|Any CPU.ActiveCfg = Release|Any CPU
		{38DB5E1F-6086-A2D5-4F92-89AE4E2ADE45}.Release|Any CPU.Build.0 = Release|Any CPU
		{8694B281-AF1C-0511-024A-7DD901F42A9E}.Debug|Any CPU.ActiveCfg = Debug|Any CPU
		{8694B281-AF1C-0511-024A-7DD901F42A9E}.Debug|Any CPU.Build.0 = Debug|Any CPU
		{8694B281-AF1C-0511-024A-7DD901F42A9E}.Release|Any CPU.ActiveCfg = Release|Any CPU
		{8694B281-AF1C-0511-024A-7DD901F42A9E}.Release|Any CPU.Build.0 = Release|Any CPU
		{7F5FED99-00AA-8AFF-2C8E-FC1BEC7CBA80}.Debug|Any CPU.ActiveCfg = Debug|Any CPU
		{7F5FED99-00AA-8AFF-2C8E-FC1BEC7CBA80}.Debug|Any CPU.Build.0 = Debug|Any CPU
		{7F5FED99-00AA-8AFF-2C8E-FC1BEC7CBA80}.Release|Any CPU.ActiveCfg = Release|Any CPU
		{7F5FED99-00AA-8AFF-2C8E-FC1BEC7CBA80}.Release|Any CPU.Build.0 = Release|Any CPU
		{34B10252-25D3-22FD-3B4A-C1E82CCE78E0}.Debug|Any CPU.ActiveCfg = Debug|Any CPU
		{34B10252-25D3-22FD-3B4A-C1E82CCE78E0}.Debug|Any CPU.Build.0 = Debug|Any CPU
		{34B10252-25D3-22FD-3B4A-C1E82CCE78E0}.Release|Any CPU.ActiveCfg = Release|Any CPU
		{34B10252-25D3-22FD-3B4A-C1E82CCE78E0}.Release|Any CPU.Build.0 = Release|Any CPU
		{4A977E31-F569-BFE7-A302-7543879AE38F}.Debug|Any CPU.ActiveCfg = Debug|Any CPU
		{4A977E31-F569-BFE7-A302-7543879AE38F}.Debug|Any CPU.Build.0 = Debug|Any CPU
		{4A977E31-F569-BFE7-A302-7543879AE38F}.Release|Any CPU.ActiveCfg = Release|Any CPU
		{4A977E31-F569-BFE7-A302-7543879AE38F}.Release|Any CPU.Build.0 = Release|Any CPU
		{8AAB0DC2-37E5-073B-3DBE-9BDEF02EFA0F}.Debug|Any CPU.ActiveCfg = Debug|Any CPU
		{8AAB0DC2-37E5-073B-3DBE-9BDEF02EFA0F}.Debug|Any CPU.Build.0 = Debug|Any CPU
		{8AAB0DC2-37E5-073B-3DBE-9BDEF02EFA0F}.Release|Any CPU.ActiveCfg = Release|Any CPU
		{8AAB0DC2-37E5-073B-3DBE-9BDEF02EFA0F}.Release|Any CPU.Build.0 = Release|Any CPU
		{78D99118-3E81-67F1-275F-62FEADE31665}.Debug|Any CPU.ActiveCfg = Debug|Any CPU
		{78D99118-3E81-67F1-275F-62FEADE31665}.Debug|Any CPU.Build.0 = Debug|Any CPU
		{78D99118-3E81-67F1-275F-62FEADE31665}.Release|Any CPU.ActiveCfg = Release|Any CPU
		{78D99118-3E81-67F1-275F-62FEADE31665}.Release|Any CPU.Build.0 = Release|Any CPU
		{8C5A6D6B-4B23-0CE9-55BE-A07D253935CB}.Debug|Any CPU.ActiveCfg = Debug|Any CPU
		{8C5A6D6B-4B23-0CE9-55BE-A07D253935CB}.Debug|Any CPU.Build.0 = Debug|Any CPU
		{8C5A6D6B-4B23-0CE9-55BE-A07D253935CB}.Release|Any CPU.ActiveCfg = Release|Any CPU
		{8C5A6D6B-4B23-0CE9-55BE-A07D253935CB}.Release|Any CPU.Build.0 = Release|Any CPU
		{1112C466-6875-9948-0C41-0A6164862A54}.Debug|Any CPU.ActiveCfg = Debug|Any CPU
		{1112C466-6875-9948-0C41-0A6164862A54}.Debug|Any CPU.Build.0 = Debug|Any CPU
		{1112C466-6875-9948-0C41-0A6164862A54}.Release|Any CPU.ActiveCfg = Release|Any CPU
		{1112C466-6875-9948-0C41-0A6164862A54}.Release|Any CPU.Build.0 = Release|Any CPU
		{EB191DFE-8250-9039-8AB5-C2DABE532F9F}.Debug|Any CPU.ActiveCfg = Debug|Any CPU
		{EB191DFE-8250-9039-8AB5-C2DABE532F9F}.Debug|Any CPU.Build.0 = Debug|Any CPU
		{EB191DFE-8250-9039-8AB5-C2DABE532F9F}.Release|Any CPU.ActiveCfg = Release|Any CPU
		{EB191DFE-8250-9039-8AB5-C2DABE532F9F}.Release|Any CPU.Build.0 = Release|Any CPU
		{4A0502E7-14D9-63E3-8651-782F3E391924}.Debug|Any CPU.ActiveCfg = Debug|Any CPU
		{4A0502E7-14D9-63E3-8651-782F3E391924}.Debug|Any CPU.Build.0 = Debug|Any CPU
		{4A0502E7-14D9-63E3-8651-782F3E391924}.Release|Any CPU.ActiveCfg = Release|Any CPU
		{4A0502E7-14D9-63E3-8651-782F3E391924}.Release|Any CPU.Build.0 = Release|Any CPU
		{4A24E4DE-6AD3-1177-1C74-E0A84F96A8D3}.Debug|Any CPU.ActiveCfg = Debug|Any CPU
		{4A24E4DE-6AD3-1177-1C74-E0A84F96A8D3}.Debug|Any CPU.Build.0 = Debug|Any CPU
		{4A24E4DE-6AD3-1177-1C74-E0A84F96A8D3}.Release|Any CPU.ActiveCfg = Release|Any CPU
		{4A24E4DE-6AD3-1177-1C74-E0A84F96A8D3}.Release|Any CPU.Build.0 = Release|Any CPU
		{EB243CB2-8A89-1DA5-E64C-C161402CA0C7}.Debug|Any CPU.ActiveCfg = Debug|Any CPU
		{EB243CB2-8A89-1DA5-E64C-C161402CA0C7}.Debug|Any CPU.Build.0 = Debug|Any CPU
		{EB243CB2-8A89-1DA5-E64C-C161402CA0C7}.Release|Any CPU.ActiveCfg = Release|Any CPU
		{EB243CB2-8A89-1DA5-E64C-C161402CA0C7}.Release|Any CPU.Build.0 = Release|Any CPU
		{BAB7579A-D755-027F-F8B5-5B7B3D5424B1}.Debug|Any CPU.ActiveCfg = Debug|Any CPU
		{BAB7579A-D755-027F-F8B5-5B7B3D5424B1}.Debug|Any CPU.Build.0 = Debug|Any CPU
		{BAB7579A-D755-027F-F8B5-5B7B3D5424B1}.Release|Any CPU.ActiveCfg = Release|Any CPU
		{BAB7579A-D755-027F-F8B5-5B7B3D5424B1}.Release|Any CPU.Build.0 = Release|Any CPU
		{AC710297-D06D-D592-FFA1-09E23F48A28D}.Debug|Any CPU.ActiveCfg = Debug|Any CPU
		{AC710297-D06D-D592-FFA1-09E23F48A28D}.Debug|Any CPU.Build.0 = Debug|Any CPU
		{AC710297-D06D-D592-FFA1-09E23F48A28D}.Release|Any CPU.ActiveCfg = Release|Any CPU
		{AC710297-D06D-D592-FFA1-09E23F48A28D}.Release|Any CPU.Build.0 = Release|Any CPU
		{695A40FF-4FDE-9F0D-8ED6-6BE26EA337FC}.Debug|Any CPU.ActiveCfg = Debug|Any CPU
		{695A40FF-4FDE-9F0D-8ED6-6BE26EA337FC}.Debug|Any CPU.Build.0 = Debug|Any CPU
		{695A40FF-4FDE-9F0D-8ED6-6BE26EA337FC}.Release|Any CPU.ActiveCfg = Release|Any CPU
		{695A40FF-4FDE-9F0D-8ED6-6BE26EA337FC}.Release|Any CPU.Build.0 = Release|Any CPU
		{537495FF-B2F1-4CDC-0933-8C628383D775}.Debug|Any CPU.ActiveCfg = Debug|Any CPU
		{537495FF-B2F1-4CDC-0933-8C628383D775}.Debug|Any CPU.Build.0 = Debug|Any CPU
		{537495FF-B2F1-4CDC-0933-8C628383D775}.Release|Any CPU.ActiveCfg = Release|Any CPU
		{537495FF-B2F1-4CDC-0933-8C628383D775}.Release|Any CPU.Build.0 = Release|Any CPU
		{9C703F4B-2E7A-9189-5F66-5F6C043723F7}.Debug|Any CPU.ActiveCfg = Debug|Any CPU
		{9C703F4B-2E7A-9189-5F66-5F6C043723F7}.Debug|Any CPU.Build.0 = Debug|Any CPU
		{9C703F4B-2E7A-9189-5F66-5F6C043723F7}.Release|Any CPU.ActiveCfg = Release|Any CPU
		{9C703F4B-2E7A-9189-5F66-5F6C043723F7}.Release|Any CPU.Build.0 = Release|Any CPU
		{7BB0E135-24B2-7A09-54F9-168CB870E091}.Debug|Any CPU.ActiveCfg = Debug|Any CPU
		{7BB0E135-24B2-7A09-54F9-168CB870E091}.Debug|Any CPU.Build.0 = Debug|Any CPU
		{7BB0E135-24B2-7A09-54F9-168CB870E091}.Release|Any CPU.ActiveCfg = Release|Any CPU
		{7BB0E135-24B2-7A09-54F9-168CB870E091}.Release|Any CPU.Build.0 = Release|Any CPU
		{AE196F91-8402-55FD-36C3-2E024F8F52CE}.Debug|Any CPU.ActiveCfg = Debug|Any CPU
		{AE196F91-8402-55FD-36C3-2E024F8F52CE}.Debug|Any CPU.Build.0 = Debug|Any CPU
		{AE196F91-8402-55FD-36C3-2E024F8F52CE}.Release|Any CPU.ActiveCfg = Release|Any CPU
		{AE196F91-8402-55FD-36C3-2E024F8F52CE}.Release|Any CPU.Build.0 = Release|Any CPU
		{01639C9B-0B92-B702-ACFB-3D8CD6915454}.Debug|Any CPU.ActiveCfg = Debug|Any CPU
		{01639C9B-0B92-B702-ACFB-3D8CD6915454}.Debug|Any CPU.Build.0 = Debug|Any CPU
		{01639C9B-0B92-B702-ACFB-3D8CD6915454}.Release|Any CPU.ActiveCfg = Release|Any CPU
		{01639C9B-0B92-B702-ACFB-3D8CD6915454}.Release|Any CPU.Build.0 = Release|Any CPU
		{60AF5AA8-DC83-91E1-D493-B53C1BE3C729}.Debug|Any CPU.ActiveCfg = Debug|Any CPU
		{60AF5AA8-DC83-91E1-D493-B53C1BE3C729}.Debug|Any CPU.Build.0 = Debug|Any CPU
		{60AF5AA8-DC83-91E1-D493-B53C1BE3C729}.Release|Any CPU.ActiveCfg = Release|Any CPU
		{60AF5AA8-DC83-91E1-D493-B53C1BE3C729}.Release|Any CPU.Build.0 = Release|Any CPU
		{2FE0BC4D-8369-2130-21BA-5ABFAEB50969}.Debug|Any CPU.ActiveCfg = Debug|Any CPU
		{2FE0BC4D-8369-2130-21BA-5ABFAEB50969}.Debug|Any CPU.Build.0 = Debug|Any CPU
		{2FE0BC4D-8369-2130-21BA-5ABFAEB50969}.Release|Any CPU.ActiveCfg = Release|Any CPU
		{2FE0BC4D-8369-2130-21BA-5ABFAEB50969}.Release|Any CPU.Build.0 = Release|Any CPU
		{8C8D33C5-4D81-F716-6E7F-DCF535C17334}.Debug|Any CPU.ActiveCfg = Debug|Any CPU
		{8C8D33C5-4D81-F716-6E7F-DCF535C17334}.Debug|Any CPU.Build.0 = Debug|Any CPU
		{8C8D33C5-4D81-F716-6E7F-DCF535C17334}.Release|Any CPU.ActiveCfg = Release|Any CPU
		{8C8D33C5-4D81-F716-6E7F-DCF535C17334}.Release|Any CPU.Build.0 = Release|Any CPU
		{BCDE2B05-AB45-4D74-911A-6C65B9269EA1}.Debug|Any CPU.ActiveCfg = Debug|Any CPU
		{BCDE2B05-AB45-4D74-911A-6C65B9269EA1}.Debug|Any CPU.Build.0 = Debug|Any CPU
		{BCDE2B05-AB45-4D74-911A-6C65B9269EA1}.Release|Any CPU.ActiveCfg = Release|Any CPU
		{BCDE2B05-AB45-4D74-911A-6C65B9269EA1}.Release|Any CPU.Build.0 = Release|Any CPU
		{414CE1AA-2F02-E1D0-DA05-990848FE96FC}.Debug|Any CPU.ActiveCfg = Debug|Any CPU
		{414CE1AA-2F02-E1D0-DA05-990848FE96FC}.Debug|Any CPU.Build.0 = Debug|Any CPU
		{414CE1AA-2F02-E1D0-DA05-990848FE96FC}.Release|Any CPU.ActiveCfg = Release|Any CPU
		{414CE1AA-2F02-E1D0-DA05-990848FE96FC}.Release|Any CPU.Build.0 = Release|Any CPU
		{1A2138F6-658A-3716-FEC9-44AD976D1082}.Debug|Any CPU.ActiveCfg = Debug|Any CPU
		{1A2138F6-658A-3716-FEC9-44AD976D1082}.Debug|Any CPU.Build.0 = Debug|Any CPU
		{1A2138F6-658A-3716-FEC9-44AD976D1082}.Release|Any CPU.ActiveCfg = Release|Any CPU
		{1A2138F6-658A-3716-FEC9-44AD976D1082}.Release|Any CPU.Build.0 = Release|Any CPU
		{A67C23CD-F80D-91E4-6A2C-2978AE169B9B}.Debug|Any CPU.ActiveCfg = Debug|Any CPU
		{A67C23CD-F80D-91E4-6A2C-2978AE169B9B}.Debug|Any CPU.Build.0 = Debug|Any CPU
		{A67C23CD-F80D-91E4-6A2C-2978AE169B9B}.Release|Any CPU.ActiveCfg = Release|Any CPU
		{A67C23CD-F80D-91E4-6A2C-2978AE169B9B}.Release|Any CPU.Build.0 = Release|Any CPU
		{7D71C801-B995-685F-C4E6-8F1F331D982B}.Debug|Any CPU.ActiveCfg = Debug|Any CPU
		{7D71C801-B995-685F-C4E6-8F1F331D982B}.Debug|Any CPU.Build.0 = Debug|Any CPU
		{7D71C801-B995-685F-C4E6-8F1F331D982B}.Release|Any CPU.ActiveCfg = Release|Any CPU
		{7D71C801-B995-685F-C4E6-8F1F331D982B}.Release|Any CPU.Build.0 = Release|Any CPU
		{F37CDB86-720A-3AE0-3740-8A81C0154670}.Debug|Any CPU.ActiveCfg = Debug|Any CPU
		{F37CDB86-720A-3AE0-3740-8A81C0154670}.Debug|Any CPU.Build.0 = Debug|Any CPU
		{F37CDB86-720A-3AE0-3740-8A81C0154670}.Release|Any CPU.ActiveCfg = Release|Any CPU
		{F37CDB86-720A-3AE0-3740-8A81C0154670}.Release|Any CPU.Build.0 = Release|Any CPU
		{0ABBFEDB-88F7-1DEC-AB5C-5C0B65A0F56D}.Debug|Any CPU.ActiveCfg = Debug|Any CPU
		{0ABBFEDB-88F7-1DEC-AB5C-5C0B65A0F56D}.Debug|Any CPU.Build.0 = Debug|Any CPU
		{0ABBFEDB-88F7-1DEC-AB5C-5C0B65A0F56D}.Release|Any CPU.ActiveCfg = Release|Any CPU
		{0ABBFEDB-88F7-1DEC-AB5C-5C0B65A0F56D}.Release|Any CPU.Build.0 = Release|Any CPU
		{3974C3A2-0CDF-FBBD-FDBA-447DB9C583E2}.Debug|Any CPU.ActiveCfg = Debug|Any CPU
		{3974C3A2-0CDF-FBBD-FDBA-447DB9C583E2}.Debug|Any CPU.Build.0 = Debug|Any CPU
		{3974C3A2-0CDF-FBBD-FDBA-447DB9C583E2}.Release|Any CPU.ActiveCfg = Release|Any CPU
		{3974C3A2-0CDF-FBBD-FDBA-447DB9C583E2}.Release|Any CPU.Build.0 = Release|Any CPU
		{3A6D6224-183B-BA53-A6CA-F10221E5935D}.Debug|Any CPU.ActiveCfg = Debug|Any CPU
		{3A6D6224-183B-BA53-A6CA-F10221E5935D}.Debug|Any CPU.Build.0 = Debug|Any CPU
		{3A6D6224-183B-BA53-A6CA-F10221E5935D}.Release|Any CPU.ActiveCfg = Release|Any CPU
		{3A6D6224-183B-BA53-A6CA-F10221E5935D}.Release|Any CPU.Build.0 = Release|Any CPU
		{F4642485-47D9-D940-BFF9-365B52026974}.Debug|Any CPU.ActiveCfg = Debug|Any CPU
		{F4642485-47D9-D940-BFF9-365B52026974}.Debug|Any CPU.Build.0 = Debug|Any CPU
		{F4642485-47D9-D940-BFF9-365B52026974}.Release|Any CPU.ActiveCfg = Release|Any CPU
		{F4642485-47D9-D940-BFF9-365B52026974}.Release|Any CPU.Build.0 = Release|Any CPU
		{C4FB27FB-C824-7361-BB0E-9879CE0C217A}.Debug|Any CPU.ActiveCfg = Debug|Any CPU
		{C4FB27FB-C824-7361-BB0E-9879CE0C217A}.Debug|Any CPU.Build.0 = Debug|Any CPU
		{C4FB27FB-C824-7361-BB0E-9879CE0C217A}.Release|Any CPU.ActiveCfg = Release|Any CPU
		{C4FB27FB-C824-7361-BB0E-9879CE0C217A}.Release|Any CPU.Build.0 = Release|Any CPU
		{433E08AC-7408-8BC3-5884-FB32953A6E4A}.Debug|Any CPU.ActiveCfg = Debug|Any CPU
		{433E08AC-7408-8BC3-5884-FB32953A6E4A}.Debug|Any CPU.Build.0 = Debug|Any CPU
		{433E08AC-7408-8BC3-5884-FB32953A6E4A}.Release|Any CPU.ActiveCfg = Release|Any CPU
		{433E08AC-7408-8BC3-5884-FB32953A6E4A}.Release|Any CPU.Build.0 = Release|Any CPU
		{51FAA226-C955-5014-F4C2-47DE829F5BE9}.Debug|Any CPU.ActiveCfg = Debug|Any CPU
		{51FAA226-C955-5014-F4C2-47DE829F5BE9}.Debug|Any CPU.Build.0 = Debug|Any CPU
		{51FAA226-C955-5014-F4C2-47DE829F5BE9}.Release|Any CPU.ActiveCfg = Release|Any CPU
		{51FAA226-C955-5014-F4C2-47DE829F5BE9}.Release|Any CPU.Build.0 = Release|Any CPU
		{A0CE2206-FC35-A0E8-9DD2-CB70AEC9FD37}.Debug|Any CPU.ActiveCfg = Debug|Any CPU
		{A0CE2206-FC35-A0E8-9DD2-CB70AEC9FD37}.Debug|Any CPU.Build.0 = Debug|Any CPU
		{A0CE2206-FC35-A0E8-9DD2-CB70AEC9FD37}.Release|Any CPU.ActiveCfg = Release|Any CPU
		{A0CE2206-FC35-A0E8-9DD2-CB70AEC9FD37}.Release|Any CPU.Build.0 = Release|Any CPU
		{F15D9D84-8716-205F-D8BE-8F3BC977BCDC}.Debug|Any CPU.ActiveCfg = Debug|Any CPU
		{F15D9D84-8716-205F-D8BE-8F3BC977BCDC}.Debug|Any CPU.Build.0 = Debug|Any CPU
		{F15D9D84-8716-205F-D8BE-8F3BC977BCDC}.Release|Any CPU.ActiveCfg = Release|Any CPU
		{F15D9D84-8716-205F-D8BE-8F3BC977BCDC}.Release|Any CPU.Build.0 = Release|Any CPU
	EndGlobalSection
	GlobalSection(SolutionProperties) = preSolution
		HideSolutionNode = FALSE
	EndGlobalSection
EndGlobal
